{
  "version": 4,
  "terraform_version": "1.1.0",
  "serial": 57,
  "lineage": "8c46df96-f03b-cbb0-5cf9-66b4fd2bd123",
  "outputs": {
    "cluster_endpoint": {
      "value": "https://177A68199B2A92AA1F163CF8E3130791.gr7.us-west-2.eks.amazonaws.com",
      "type": "string"
    },
    "cluster_id": {
      "value": "lseg-eks-T9gWKSdV",
      "type": "string"
    },
    "cluster_name": {
      "value": "lseg-eks-T9gWKSdV",
      "type": "string"
    },
    "cluster_security_group_id": {
      "value": "sg-0bdb98b8bc7081c63",
      "type": "string"
    },
    "config_map_aws_auth": {
      "value": [
        {
          "binary_data": null,
          "data": {
            "mapAccounts": "[]\n",
            "mapRoles": "- \"groups\":\n  - \"system:bootstrappers\"\n  - \"system:nodes\"\n  \"rolearn\": \"arn:aws:iam::033379543890:role/lseg-eks-T9gWKSdV2022010421241845150000000e\"\n  \"username\": \"system:node:{{EC2PrivateDNSName}}\"\n",
            "mapUsers": "[]\n"
          },
          "id": "kube-system/aws-auth",
          "metadata": [
            {
              "annotations": null,
              "generate_name": "",
              "generation": 0,
              "labels": {
                "app.kubernetes.io/managed-by": "Terraform",
                "terraform.io/module": "terraform-aws-modules.eks.aws"
              },
              "name": "aws-auth",
              "namespace": "kube-system",
              "resource_version": "656",
              "uid": "fd9ebab8-7e49-43dd-ba7e-8175c3c091d4"
            }
          ]
        }
      ],
      "type": [
        "tuple",
        [
          [
            "object",
            {
              "binary_data": [
                "map",
                "string"
              ],
              "data": [
                "map",
                "string"
              ],
              "id": "string",
              "metadata": [
                "list",
                [
                  "object",
                  {
                    "annotations": [
                      "map",
                      "string"
                    ],
                    "generate_name": "string",
                    "generation": "number",
                    "labels": [
                      "map",
                      "string"
                    ],
                    "name": "string",
                    "namespace": "string",
                    "resource_version": "string",
                    "uid": "string"
                  }
                ]
              ]
            }
          ]
        ]
      ]
    },
    "kubectl_config": {
      "value": "apiVersion: v1\npreferences: {}\nkind: Config\n\nclusters:\n- cluster:\n    server: https://177A68199B2A92AA1F163CF8E3130791.gr7.us-west-2.eks.amazonaws.com\n    certificate-authority-data: LS0tLS1CRUdJTiBDRVJUSUZJQ0FURS0tLS0tCk1JSUM1ekNDQWMrZ0F3SUJBZ0lCQURBTkJna3Foa2lHOXcwQkFRc0ZBREFWTVJNd0VRWURWUVFERXdwcmRXSmwKY201bGRHVnpNQjRYRFRJeU1ERXdOREl4TWpBd05sb1hEVE15TURFd01qSXhNakF3Tmxvd0ZURVRNQkVHQTFVRQpBeE1LYTNWaVpYSnVaWFJsY3pDQ0FTSXdEUVlKS29aSWh2Y05BUUVCQlFBRGdnRVBBRENDQVFvQ2dnRUJBSzNPCjBpNjhlWCtkNGtxMmZHRXZIVmFISnJDNHkwUVFWZzBrSk1RV29SY1RwZ0NQMzhKSWxibTdQZ2wxakZTcG5yRDgKSUZpOGtkVFpFaGxvOHhveVNXU3M5VU15MzN3ZW9ickswT1hDMS9ZOElhbnpaZUVsSWlHVHhzcnRYbVpLeUdyUgpRWUFHQWJVdnFQRlUzSjBmaUp1T1g0QVJFbmc5eFZPSG1yR1NzVnQ2bjAwdDZyUm9INmlxUWJHY01Ma2lDKzlyClRNNGlSaHptQ2Nxa3c3RUpKNkhJVWpOTm5ncysvQXhFVGdnSmFQNEsrYzU1TWJmRkE1NEdGOFRUNXVWRmpzTEcKcHVGZlFvRmZJNFNCSUdIMjRtVWVTQ0kzcVZRYTVybGhkVmxJTWVuVG1zYjFQVjgxaEZ1QklTRlJiZ3UreEE2WAptSUlsSXMzTldXUmVRMXZvZ0prQ0F3RUFBYU5DTUVBd0RnWURWUjBQQVFIL0JBUURBZ0trTUE4R0ExVWRFd0VCCi93UUZNQU1CQWY4d0hRWURWUjBPQkJZRUZBRHdHTFBCaVM3VDUvd252T3BISFAvUlZpa3BNQTBHQ1NxR1NJYjMKRFFFQkN3VUFBNElCQVFCZVBJUm00OVNGSGd0SnJnblVmd3gxQmxSbHFydFJncGVxWmN1aEpQcEExMWFFRmp2agpSNU8xTW0zUXVPWUpaZUIzMXNXeFJ3N1JxdzFhbzJiTDAzR1ZOY2dxOG9wM2Vzbm1RN05kZXVZL0sxV2plZ1FWCmplWXBXS1ZtWkdUYnIzdUo5K3V1bmg2NjFaSEZOQlh1dTdGTno2UXFkSjZyMFpEOCtIamJQSEo5elJlS0JhMXEKUnZ5dUpSOC9IS043empSSHY3WEF4NU5zSnd2Z09JU21POFBIMWNsaTdwby9OWGxsY0Fid0t6V1ZtdHI4dGdldQpNTnFtZ0JYb2FjalQzdGpGdWtoUkhTUDRudHNMbHJYMTYxUlBoNGtoNEZsMlZlV1lreGpHSHNPdFFaWlFybktmCnZ2bExoOHZVQU16VUlvc3cxeG9SS2kvelNkTGdOSU9LbnNBNQotLS0tLUVORCBDRVJUSUZJQ0FURS0tLS0tCg==\n  name: eks_lseg-eks-T9gWKSdV\n\ncontexts:\n- context:\n    cluster: eks_lseg-eks-T9gWKSdV\n    user: eks_lseg-eks-T9gWKSdV\n  name: eks_lseg-eks-T9gWKSdV\n\ncurrent-context: eks_lseg-eks-T9gWKSdV\n\nusers:\n- name: eks_lseg-eks-T9gWKSdV\n  user:\n    exec:\n      apiVersion: client.authentication.k8s.io/v1alpha1\n      command: aws-iam-authenticator\n      args:\n        - \"token\"\n        - \"-i\"\n        - \"lseg-eks-T9gWKSdV\"\n",
      "type": "string"
    },
    "region": {
      "value": "us-west-2",
      "type": "string"
    }
  },
  "resources": [
    {
      "mode": "data",
      "type": "aws_availability_zones",
      "name": "available",
      "provider": "provider[\"registry.terraform.io/hashicorp/aws\"]",
      "instances": [
        {
          "schema_version": 0,
          "attributes": {
            "all_availability_zones": null,
            "exclude_names": null,
            "exclude_zone_ids": null,
            "filter": null,
            "group_names": [
              "us-west-2"
            ],
            "id": "us-west-2",
            "names": [
              "us-west-2a",
              "us-west-2b",
              "us-west-2c",
              "us-west-2d"
            ],
            "state": null,
            "zone_ids": [
              "usw2-az2",
              "usw2-az1",
              "usw2-az3",
              "usw2-az4"
            ]
          },
          "sensitive_attributes": []
        }
      ]
    },
    {
      "mode": "data",
      "type": "aws_eks_cluster",
      "name": "cluster",
      "provider": "provider[\"registry.terraform.io/hashicorp/aws\"]",
      "instances": [
        {
          "schema_version": 0,
          "attributes": {
            "arn": "arn:aws:eks:us-west-2:033379543890:cluster/lseg-eks-T9gWKSdV",
            "certificate_authority": [
              {
                "data": "LS0tLS1CRUdJTiBDRVJUSUZJQ0FURS0tLS0tCk1JSUM1ekNDQWMrZ0F3SUJBZ0lCQURBTkJna3Foa2lHOXcwQkFRc0ZBREFWTVJNd0VRWURWUVFERXdwcmRXSmwKY201bGRHVnpNQjRYRFRJeU1ERXdOREl4TWpBd05sb1hEVE15TURFd01qSXhNakF3Tmxvd0ZURVRNQkVHQTFVRQpBeE1LYTNWaVpYSnVaWFJsY3pDQ0FTSXdEUVlKS29aSWh2Y05BUUVCQlFBRGdnRVBBRENDQVFvQ2dnRUJBSzNPCjBpNjhlWCtkNGtxMmZHRXZIVmFISnJDNHkwUVFWZzBrSk1RV29SY1RwZ0NQMzhKSWxibTdQZ2wxakZTcG5yRDgKSUZpOGtkVFpFaGxvOHhveVNXU3M5VU15MzN3ZW9ickswT1hDMS9ZOElhbnpaZUVsSWlHVHhzcnRYbVpLeUdyUgpRWUFHQWJVdnFQRlUzSjBmaUp1T1g0QVJFbmc5eFZPSG1yR1NzVnQ2bjAwdDZyUm9INmlxUWJHY01Ma2lDKzlyClRNNGlSaHptQ2Nxa3c3RUpKNkhJVWpOTm5ncysvQXhFVGdnSmFQNEsrYzU1TWJmRkE1NEdGOFRUNXVWRmpzTEcKcHVGZlFvRmZJNFNCSUdIMjRtVWVTQ0kzcVZRYTVybGhkVmxJTWVuVG1zYjFQVjgxaEZ1QklTRlJiZ3UreEE2WAptSUlsSXMzTldXUmVRMXZvZ0prQ0F3RUFBYU5DTUVBd0RnWURWUjBQQVFIL0JBUURBZ0trTUE4R0ExVWRFd0VCCi93UUZNQU1CQWY4d0hRWURWUjBPQkJZRUZBRHdHTFBCaVM3VDUvd252T3BISFAvUlZpa3BNQTBHQ1NxR1NJYjMKRFFFQkN3VUFBNElCQVFCZVBJUm00OVNGSGd0SnJnblVmd3gxQmxSbHFydFJncGVxWmN1aEpQcEExMWFFRmp2agpSNU8xTW0zUXVPWUpaZUIzMXNXeFJ3N1JxdzFhbzJiTDAzR1ZOY2dxOG9wM2Vzbm1RN05kZXVZL0sxV2plZ1FWCmplWXBXS1ZtWkdUYnIzdUo5K3V1bmg2NjFaSEZOQlh1dTdGTno2UXFkSjZyMFpEOCtIamJQSEo5elJlS0JhMXEKUnZ5dUpSOC9IS043empSSHY3WEF4NU5zSnd2Z09JU21POFBIMWNsaTdwby9OWGxsY0Fid0t6V1ZtdHI4dGdldQpNTnFtZ0JYb2FjalQzdGpGdWtoUkhTUDRudHNMbHJYMTYxUlBoNGtoNEZsMlZlV1lreGpHSHNPdFFaWlFybktmCnZ2bExoOHZVQU16VUlvc3cxeG9SS2kvelNkTGdOSU9LbnNBNQotLS0tLUVORCBDRVJUSUZJQ0FURS0tLS0tCg=="
              }
            ],
            "created_at": "2022-01-04 21:12:46.221 +0000 UTC",
            "enabled_cluster_log_types": [],
            "endpoint": "https://177A68199B2A92AA1F163CF8E3130791.gr7.us-west-2.eks.amazonaws.com",
            "id": "lseg-eks-T9gWKSdV",
            "identity": [
              {
                "oidc": [
                  {
                    "issuer": "https://oidc.eks.us-west-2.amazonaws.com/id/177A68199B2A92AA1F163CF8E3130791"
                  }
                ]
              }
            ],
            "kubernetes_network_config": [
              {
                "service_ipv4_cidr": "172.20.0.0/16"
              }
            ],
            "name": "lseg-eks-T9gWKSdV",
            "platform_version": "eks.3",
            "role_arn": "arn:aws:iam::033379543890:role/lseg-eks-T9gWKSdV20220104211206890300000001",
            "status": "ACTIVE",
            "tags": {
              "Environment": "training",
              "GithubOrg": "terraform-aws-modules",
              "GithubRepo": "terraform-aws-eks"
            },
            "version": "1.20",
            "vpc_config": [
              {
                "cluster_security_group_id": "sg-017b373567ddd94a6",
                "endpoint_private_access": false,
                "endpoint_public_access": true,
                "public_access_cidrs": [
                  "0.0.0.0/0"
                ],
                "security_group_ids": [
                  "sg-0bdb98b8bc7081c63"
                ],
                "subnet_ids": [
                  "subnet-0442a49803c45350e",
                  "subnet-059d10c77a1c9efba",
                  "subnet-0f0c12944600e8579"
                ],
                "vpc_id": "vpc-02af8e167cc8722d0"
              }
            ]
          },
          "sensitive_attributes": []
        }
      ]
    },
    {
      "mode": "data",
      "type": "aws_eks_cluster_auth",
      "name": "cluster",
      "provider": "provider[\"registry.terraform.io/hashicorp/aws\"]",
      "instances": [
        {
          "schema_version": 0,
          "attributes": {
            "id": "lseg-eks-T9gWKSdV",
            "name": "lseg-eks-T9gWKSdV",
            "token": "k8s-aws-v1.aHR0cHM6Ly9zdHMuYW1hem9uYXdzLmNvbS8_QWN0aW9uPUdldENhbGxlcklkZW50aXR5JlZlcnNpb249MjAxMS0wNi0xNSZYLUFtei1BbGdvcml0aG09QVdTNC1ITUFDLVNIQTI1NiZYLUFtei1DcmVkZW50aWFsPUFLSUFRUFJNVE5OSkVTNFozUUhPJTJGMjAyMjAxMDQlMkZ1cy1lYXN0LTElMkZzdHMlMkZhd3M0X3JlcXVlc3QmWC1BbXotRGF0ZT0yMDIyMDEwNFQyMTI0MjRaJlgtQW16LUV4cGlyZXM9MCZYLUFtei1TaWduZWRIZWFkZXJzPWhvc3QlM0J4LWs4cy1hd3MtaWQmWC1BbXotU2lnbmF0dXJlPTM4OGI0YWYwMzc4NWQ5ZTMyZmZkNzU2ZmNiYzhmMDJmY2I5NzY5NTFiZjA2ZjFjNDkwNmYxM2MwYmY1ZmI3NTM"
          },
          "sensitive_attributes": []
        }
      ]
    },
    {
      "mode": "managed",
      "type": "aws_security_group",
      "name": "all_worker_mgmt",
      "provider": "provider[\"registry.terraform.io/hashicorp/aws\"]",
      "instances": [
        {
          "schema_version": 1,
          "attributes": {
            "arn": "arn:aws:ec2:us-west-2:033379543890:security-group/sg-0628adffcf4d0eef0",
            "description": "Managed by Terraform",
            "egress": [],
            "id": "sg-0628adffcf4d0eef0",
            "ingress": [
              {
                "cidr_blocks": [
                  "10.0.0.0/8",
                  "172.16.0.0/12",
                  "192.168.0.0/16"
                ],
                "description": "",
                "from_port": 22,
                "ipv6_cidr_blocks": [],
                "prefix_list_ids": [],
                "protocol": "tcp",
                "security_groups": [],
                "self": false,
                "to_port": 22
              }
            ],
            "name": "all_worker_management20220104211229935400000009",
            "name_prefix": "all_worker_management",
            "owner_id": "033379543890",
            "revoke_rules_on_delete": false,
            "tags": null,
            "tags_all": {},
            "timeouts": null,
            "vpc_id": "vpc-02af8e167cc8722d0"
          },
          "sensitive_attributes": [],
          "private": "eyJlMmJmYjczMC1lY2FhLTExZTYtOGY4OC0zNDM2M2JjN2M0YzAiOnsiY3JlYXRlIjo2MDAwMDAwMDAwMDAsImRlbGV0ZSI6OTAwMDAwMDAwMDAwfSwic2NoZW1hX3ZlcnNpb24iOiIxIn0=",
          "dependencies": [
            "module.vpc.aws_vpc.this",
            "random_string.suffix"
          ]
        }
      ]
    },
    {
      "mode": "managed",
      "type": "aws_security_group",
      "name": "worker_group_mgmt_one",
      "provider": "provider[\"registry.terraform.io/hashicorp/aws\"]",
      "instances": [
        {
          "schema_version": 1,
          "attributes": {
            "arn": "arn:aws:ec2:us-west-2:033379543890:security-group/sg-071069981dda4c2da",
            "description": "Managed by Terraform",
            "egress": [],
            "id": "sg-071069981dda4c2da",
            "ingress": [
              {
                "cidr_blocks": [
                  "10.0.0.0/8"
                ],
                "description": "",
                "from_port": 22,
                "ipv6_cidr_blocks": [],
                "prefix_list_ids": [],
                "protocol": "tcp",
                "security_groups": [],
                "self": false,
                "to_port": 22
              }
            ],
            "name": "worker_group_mgmt_one2022010421122997680000000b",
            "name_prefix": "worker_group_mgmt_one",
            "owner_id": "033379543890",
            "revoke_rules_on_delete": false,
            "tags": null,
            "tags_all": {},
            "timeouts": null,
            "vpc_id": "vpc-02af8e167cc8722d0"
          },
          "sensitive_attributes": [],
          "private": "eyJlMmJmYjczMC1lY2FhLTExZTYtOGY4OC0zNDM2M2JjN2M0YzAiOnsiY3JlYXRlIjo2MDAwMDAwMDAwMDAsImRlbGV0ZSI6OTAwMDAwMDAwMDAwfSwic2NoZW1hX3ZlcnNpb24iOiIxIn0=",
          "dependencies": [
            "module.vpc.aws_vpc.this",
            "random_string.suffix"
          ],
          "create_before_destroy": true
        }
      ]
    },
    {
      "mode": "managed",
      "type": "aws_security_group",
      "name": "worker_group_mgmt_two",
      "provider": "provider[\"registry.terraform.io/hashicorp/aws\"]",
      "instances": [
        {
          "schema_version": 1,
          "attributes": {
            "arn": "arn:aws:ec2:us-west-2:033379543890:security-group/sg-0de9d15da74d45dc4",
            "description": "Managed by Terraform",
            "egress": [],
            "id": "sg-0de9d15da74d45dc4",
            "ingress": [
              {
                "cidr_blocks": [
                  "192.168.0.0/16"
                ],
                "description": "",
                "from_port": 22,
                "ipv6_cidr_blocks": [],
                "prefix_list_ids": [],
                "protocol": "tcp",
                "security_groups": [],
                "self": false,
                "to_port": 22
              }
            ],
            "name": "worker_group_mgmt_two2022010421123319510000000c",
            "name_prefix": "worker_group_mgmt_two",
            "owner_id": "033379543890",
            "revoke_rules_on_delete": false,
            "tags": null,
            "tags_all": {},
            "timeouts": null,
            "vpc_id": "vpc-02af8e167cc8722d0"
          },
          "sensitive_attributes": [],
          "private": "eyJlMmJmYjczMC1lY2FhLTExZTYtOGY4OC0zNDM2M2JjN2M0YzAiOnsiY3JlYXRlIjo2MDAwMDAwMDAwMDAsImRlbGV0ZSI6OTAwMDAwMDAwMDAwfSwic2NoZW1hX3ZlcnNpb24iOiIxIn0=",
          "dependencies": [
            "module.vpc.aws_vpc.this",
            "random_string.suffix"
          ],
          "create_before_destroy": true
        }
      ]
    },
    {
      "mode": "managed",
      "type": "random_string",
      "name": "suffix",
      "provider": "provider[\"registry.terraform.io/hashicorp/random\"]",
      "instances": [
        {
          "schema_version": 1,
          "attributes": {
            "id": "T9gWKSdV",
            "keepers": null,
            "length": 8,
            "lower": true,
            "min_lower": 0,
            "min_numeric": 0,
            "min_special": 0,
            "min_upper": 0,
            "number": true,
            "override_special": null,
            "result": "T9gWKSdV",
            "special": false,
            "upper": true
          },
          "sensitive_attributes": [],
          "private": "eyJzY2hlbWFfdmVyc2lvbiI6IjEifQ==",
          "create_before_destroy": true
        }
      ]
    },
    {
      "module": "module.eks",
      "mode": "data",
      "type": "aws_ami",
      "name": "eks_worker",
      "provider": "provider[\"registry.terraform.io/hashicorp/aws\"]",
      "instances": [
        {
          "index_key": 0,
          "schema_version": 0,
          "attributes": {
            "architecture": "x86_64",
            "arn": "arn:aws:ec2:us-west-2::image/ami-0b214cc768d59fa03",
            "block_device_mappings": [
              {
                "device_name": "/dev/xvda",
                "ebs": {
                  "delete_on_termination": "true",
                  "encrypted": "false",
                  "iops": "0",
                  "snapshot_id": "snap-0f30b938ef03585f7",
                  "throughput": "0",
                  "volume_size": "20",
                  "volume_type": "gp2"
                },
                "no_device": "",
                "virtual_name": ""
              }
            ],
            "creation_date": "2021-12-06T23:48:21.000Z",
            "description": "EKS Kubernetes Worker AMI with AmazonLinux2 image, (k8s: 1.20.11, docker: 20.10.7-5.amzn2, containerd: 1.4.6-7.amzn2)",
            "ena_support": true,
            "executable_users": null,
            "filter": [
              {
                "name": "name",
                "values": [
                  "amazon-eks-node-1.20-v*"
                ]
              }
            ],
            "hypervisor": "xen",
            "id": "ami-0b214cc768d59fa03",
            "image_id": "ami-0b214cc768d59fa03",
            "image_location": "amazon/amazon-eks-node-1.20-v20211206",
            "image_owner_alias": "amazon",
            "image_type": "machine",
            "kernel_id": null,
            "most_recent": true,
            "name": "amazon-eks-node-1.20-v20211206",
            "name_regex": null,
            "owner_id": "602401143452",
            "owners": [
              "amazon"
            ],
            "platform": null,
            "platform_details": "Linux/UNIX",
            "product_codes": [],
            "public": true,
            "ramdisk_id": null,
            "root_device_name": "/dev/xvda",
            "root_device_type": "ebs",
            "root_snapshot_id": "snap-0f30b938ef03585f7",
            "sriov_net_support": "simple",
            "state": "available",
            "state_reason": {
              "code": "UNSET",
              "message": "UNSET"
            },
            "tags": {},
            "usage_operation": "RunInstances",
            "virtualization_type": "hvm"
          },
          "sensitive_attributes": []
        }
      ]
    },
    {
      "module": "module.eks",
      "mode": "data",
      "type": "aws_caller_identity",
      "name": "current",
      "provider": "provider[\"registry.terraform.io/hashicorp/aws\"]",
      "instances": [
        {
          "schema_version": 0,
          "attributes": {
            "account_id": "033379543890",
            "arn": "arn:aws:iam::033379543890:user/oleksadmin",
            "id": "033379543890",
            "user_id": "AIDAQPRMTNNJAOBN4JMCZ"
          },
          "sensitive_attributes": []
        }
      ]
    },
    {
      "module": "module.eks",
      "mode": "data",
      "type": "aws_iam_policy_document",
      "name": "cluster_assume_role_policy",
      "provider": "provider[\"registry.terraform.io/hashicorp/aws\"]",
      "instances": [
        {
          "schema_version": 0,
          "attributes": {
            "id": "2764486067",
            "json": "{\n  \"Version\": \"2012-10-17\",\n  \"Statement\": [\n    {\n      \"Sid\": \"EKSClusterAssumeRole\",\n      \"Effect\": \"Allow\",\n      \"Action\": \"sts:AssumeRole\",\n      \"Principal\": {\n        \"Service\": \"eks.amazonaws.com\"\n      }\n    }\n  ]\n}",
            "override_json": null,
            "override_policy_documents": null,
            "policy_id": null,
            "source_json": null,
            "source_policy_documents": null,
            "statement": [
              {
                "actions": [
                  "sts:AssumeRole"
                ],
                "condition": [],
                "effect": "Allow",
                "not_actions": [],
                "not_principals": [],
                "not_resources": [],
                "principals": [
                  {
                    "identifiers": [
                      "eks.amazonaws.com"
                    ],
                    "type": "Service"
                  }
                ],
                "resources": [],
                "sid": "EKSClusterAssumeRole"
              }
            ],
            "version": "2012-10-17"
          },
          "sensitive_attributes": []
        }
      ]
    },
    {
      "module": "module.eks",
      "mode": "data",
      "type": "aws_iam_policy_document",
      "name": "cluster_deny_log_group",
      "provider": "provider[\"registry.terraform.io/hashicorp/aws\"]",
      "instances": [
        {
          "index_key": 0,
          "schema_version": 0,
          "attributes": {
            "id": "2675893060",
            "json": "{\n  \"Version\": \"2012-10-17\",\n  \"Statement\": [\n    {\n      \"Sid\": \"\",\n      \"Effect\": \"Deny\",\n      \"Action\": \"logs:CreateLogGroup\",\n      \"Resource\": \"*\"\n    }\n  ]\n}",
            "override_json": null,
            "override_policy_documents": null,
            "policy_id": null,
            "source_json": null,
            "source_policy_documents": null,
            "statement": [
              {
                "actions": [
                  "logs:CreateLogGroup"
                ],
                "condition": [],
                "effect": "Deny",
                "not_actions": [],
                "not_principals": [],
                "not_resources": [],
                "principals": [],
                "resources": [
                  "*"
                ],
                "sid": ""
              }
            ],
            "version": "2012-10-17"
          },
          "sensitive_attributes": []
        }
      ]
    },
    {
      "module": "module.eks",
      "mode": "data",
      "type": "aws_iam_policy_document",
      "name": "cluster_elb_sl_role_creation",
      "provider": "provider[\"registry.terraform.io/hashicorp/aws\"]",
      "instances": [
        {
          "index_key": 0,
          "schema_version": 0,
          "attributes": {
            "id": "3709839417",
            "json": "{\n  \"Version\": \"2012-10-17\",\n  \"Statement\": [\n    {\n      \"Sid\": \"\",\n      \"Effect\": \"Allow\",\n      \"Action\": [\n        \"ec2:DescribeInternetGateways\",\n        \"ec2:DescribeAddresses\",\n        \"ec2:DescribeAccountAttributes\"\n      ],\n      \"Resource\": \"*\"\n    }\n  ]\n}",
            "override_json": null,
            "override_policy_documents": null,
            "policy_id": null,
            "source_json": null,
            "source_policy_documents": null,
            "statement": [
              {
                "actions": [
                  "ec2:DescribeAccountAttributes",
                  "ec2:DescribeAddresses",
                  "ec2:DescribeInternetGateways"
                ],
                "condition": [],
                "effect": "Allow",
                "not_actions": [],
                "not_principals": [],
                "not_resources": [],
                "principals": [],
                "resources": [
                  "*"
                ],
                "sid": ""
              }
            ],
            "version": "2012-10-17"
          },
          "sensitive_attributes": []
        }
      ]
    },
    {
      "module": "module.eks",
      "mode": "data",
      "type": "aws_iam_policy_document",
      "name": "workers_assume_role_policy",
      "provider": "provider[\"registry.terraform.io/hashicorp/aws\"]",
      "instances": [
        {
          "schema_version": 0,
          "attributes": {
            "id": "3778018924",
            "json": "{\n  \"Version\": \"2012-10-17\",\n  \"Statement\": [\n    {\n      \"Sid\": \"EKSWorkerAssumeRole\",\n      \"Effect\": \"Allow\",\n      \"Action\": \"sts:AssumeRole\",\n      \"Principal\": {\n        \"Service\": \"ec2.amazonaws.com\"\n      }\n    }\n  ]\n}",
            "override_json": null,
            "override_policy_documents": null,
            "policy_id": null,
            "source_json": null,
            "source_policy_documents": null,
            "statement": [
              {
                "actions": [
                  "sts:AssumeRole"
                ],
                "condition": [],
                "effect": "Allow",
                "not_actions": [],
                "not_principals": [],
                "not_resources": [],
                "principals": [
                  {
                    "identifiers": [
                      "ec2.amazonaws.com"
                    ],
                    "type": "Service"
                  }
                ],
                "resources": [],
                "sid": "EKSWorkerAssumeRole"
              }
            ],
            "version": "2012-10-17"
          },
          "sensitive_attributes": []
        }
      ]
    },
    {
      "module": "module.eks",
      "mode": "data",
      "type": "aws_partition",
      "name": "current",
      "provider": "provider[\"registry.terraform.io/hashicorp/aws\"]",
      "instances": [
        {
          "schema_version": 0,
          "attributes": {
            "dns_suffix": "amazonaws.com",
            "id": "aws",
            "partition": "aws",
            "reverse_dns_prefix": "com.amazonaws"
          },
          "sensitive_attributes": []
        }
      ]
    },
    {
      "module": "module.eks",
      "mode": "data",
      "type": "http",
      "name": "wait_for_cluster",
      "provider": "provider[\"registry.terraform.io/terraform-aws-modules/http\"]",
      "instances": [
        {
          "index_key": 0,
          "schema_version": 0,
          "attributes": {
            "body": "ok",
            "ca_certificate": "-----BEGIN CERTIFICATE-----\nMIIC5zCCAc+gAwIBAgIBADANBgkqhkiG9w0BAQsFADAVMRMwEQYDVQQDEwprdWJl\ncm5ldGVzMB4XDTIyMDEwNDIxMjAwNloXDTMyMDEwMjIxMjAwNlowFTETMBEGA1UE\nAxMKa3ViZXJuZXRlczCCASIwDQYJKoZIhvcNAQEBBQADggEPADCCAQoCggEBAK3O\n0i68eX+d4kq2fGEvHVaHJrC4y0QQVg0kJMQWoRcTpgCP38JIlbm7Pgl1jFSpnrD8\nIFi8kdTZEhlo8xoySWSs9UMy33weobrK0OXC1/Y8IanzZeElIiGTxsrtXmZKyGrR\nQYAGAbUvqPFU3J0fiJuOX4AREng9xVOHmrGSsVt6n00t6rRoH6iqQbGcMLkiC+9r\nTM4iRhzmCcqkw7EJJ6HIUjNNngs+/AxETggJaP4K+c55MbfFA54GF8TT5uVFjsLG\npuFfQoFfI4SBIGH24mUeSCI3qVQa5rlhdVlIMenTmsb1PV81hFuBISFRbgu+xA6X\nmIIlIs3NWWReQ1vogJkCAwEAAaNCMEAwDgYDVR0PAQH/BAQDAgKkMA8GA1UdEwEB\n/wQFMAMBAf8wHQYDVR0OBBYEFADwGLPBiS7T5/wnvOpHHP/RVikpMA0GCSqGSIb3\nDQEBCwUAA4IBAQBePIRm49SFHgtJrgnUfwx1BlRlqrtRgpeqZcuhJPpA11aEFjvj\nR5O1Mm3QuOYJZeB31sWxRw7Rqw1ao2bL03GVNcgq8op3esnmQ7NdeuY/K1WjegQV\njeYpWKVmZGTbr3uJ9+uunh661ZHFNBXuu7FNz6QqdJ6r0ZD8+HjbPHJ9zReKBa1q\nRvyuJR8/HKN7zjRHv7XAx5NsJwvgOISmO8PH1cli7po/NXllcAbwKzWVmtr8tgeu\nMNqmgBXoacjT3tjFukhRHSP4ntsLlrX161RPh4kh4Fl2VeWYkxjGHsOtQZZQrnKf\nvvlLh8vUAMzUIosw1xoRKi/zSdLgNIOKnsA5\n-----END CERTIFICATE-----\n",
            "id": "https://177A68199B2A92AA1F163CF8E3130791.gr7.us-west-2.eks.amazonaws.com/healthz",
            "insecure": false,
            "request_headers": null,
            "response_headers": {
              "Cache-Control": "no-cache, private",
              "Content-Length": "2",
              "Content-Type": "text/plain; charset=utf-8",
              "Date": "Tue, 04 Jan 2022 21:24:24 GMT",
              "X-Content-Type-Options": "nosniff",
              "X-Kubernetes-Pf-Flowschema-Uid": "943eb0cc-6a5f-4aac-b5ca-a132240e6ced",
              "X-Kubernetes-Pf-Prioritylevel-Uid": "fca517aa-c96d-476a-8412-17932698c982"
            },
            "timeout": 300,
            "url": "https://177A68199B2A92AA1F163CF8E3130791.gr7.us-west-2.eks.amazonaws.com/healthz"
          },
          "sensitive_attributes": []
        }
      ]
    },
    {
      "module": "module.eks",
      "mode": "managed",
      "type": "aws_autoscaling_group",
      "name": "workers",
      "provider": "provider[\"registry.terraform.io/hashicorp/aws\"]",
      "instances": [
        {
          "index_key": 0,
          "schema_version": 0,
          "attributes": {
            "arn": "arn:aws:autoscaling:us-west-2:033379543890:autoScalingGroup:df51e88b-ad39-4a0e-b20e-5505d68b3b89:autoScalingGroupName/lseg-eks-T9gWKSdV-worker-group-120220104212435329800000016",
            "availability_zones": [
              "us-west-2a",
              "us-west-2b",
              "us-west-2c"
            ],
            "capacity_rebalance": false,
            "default_cooldown": 300,
            "desired_capacity": 1,
            "enabled_metrics": null,
            "force_delete": false,
            "force_delete_warm_pool": false,
            "health_check_grace_period": 300,
            "health_check_type": "EC2",
            "id": "lseg-eks-T9gWKSdV-worker-group-120220104212435329800000016",
            "initial_lifecycle_hook": [],
            "instance_refresh": [],
            "launch_configuration": "lseg-eks-T9gWKSdV-worker-group-120220104212423923500000015",
            "launch_template": [],
            "load_balancers": null,
            "max_instance_lifetime": 0,
            "max_size": 3,
            "metrics_granularity": "1Minute",
            "min_elb_capacity": null,
            "min_size": 1,
            "mixed_instances_policy": [],
            "name": "lseg-eks-T9gWKSdV-worker-group-120220104212435329800000016",
            "name_prefix": "lseg-eks-T9gWKSdV-worker-group-1",
            "placement_group": "",
            "protect_from_scale_in": false,
            "service_linked_role_arn": "arn:aws:iam::033379543890:role/aws-service-role/autoscaling.amazonaws.com/AWSServiceRoleForAutoScaling",
            "suspended_processes": [
              "AZRebalance"
            ],
            "tag": [
              {
                "key": "Environment",
                "propagate_at_launch": true,
                "value": "training"
              },
              {
                "key": "GithubOrg",
                "propagate_at_launch": true,
                "value": "terraform-aws-modules"
              },
              {
                "key": "GithubRepo",
                "propagate_at_launch": true,
                "value": "terraform-aws-eks"
              },
              {
                "key": "Name",
                "propagate_at_launch": true,
                "value": "lseg-eks-T9gWKSdV-worker-group-1-eks_asg"
              },
              {
                "key": "k8s.io/cluster/lseg-eks-T9gWKSdV",
                "propagate_at_launch": true,
                "value": "owned"
              },
              {
                "key": "kubernetes.io/cluster/lseg-eks-T9gWKSdV",
                "propagate_at_launch": true,
                "value": "owned"
              }
            ],
            "tags": null,
            "target_group_arns": null,
            "termination_policies": [],
            "timeouts": null,
            "vpc_zone_identifier": [
              "subnet-0442a49803c45350e",
              "subnet-059d10c77a1c9efba",
              "subnet-0f0c12944600e8579"
            ],
            "wait_for_capacity_timeout": "10m",
            "wait_for_elb_capacity": null,
            "warm_pool": []
          },
          "sensitive_attributes": [],
          "private": "eyJlMmJmYjczMC1lY2FhLTExZTYtOGY4OC0zNDM2M2JjN2M0YzAiOnsiZGVsZXRlIjo2MDAwMDAwMDAwMDB9fQ==",
          "dependencies": [
            "aws_security_group.worker_group_mgmt_one",
            "aws_security_group.worker_group_mgmt_two",
            "data.aws_availability_zones.available",
            "module.eks.aws_cloudwatch_log_group.this",
            "module.eks.aws_eks_cluster.this",
            "module.eks.aws_iam_instance_profile.workers",
            "module.eks.aws_iam_role.cluster",
            "module.eks.aws_iam_role.workers",
            "module.eks.aws_iam_role_policy_attachment.cluster_AmazonEKSClusterPolicy",
            "module.eks.aws_iam_role_policy_attachment.cluster_AmazonEKSServicePolicy",
            "module.eks.aws_iam_role_policy_attachment.cluster_AmazonEKSVPCResourceControllerPolicy",
            "module.eks.aws_iam_role_policy_attachment.workers_AmazonEC2ContainerRegistryReadOnly",
            "module.eks.aws_iam_role_policy_attachment.workers_AmazonEKSWorkerNodePolicy",
            "module.eks.aws_iam_role_policy_attachment.workers_AmazonEKS_CNI_Policy",
            "module.eks.aws_iam_role_policy_attachment.workers_additional_policies",
            "module.eks.aws_launch_configuration.workers",
            "module.eks.aws_security_group.cluster",
            "module.eks.aws_security_group.workers",
            "module.eks.aws_security_group_rule.cluster_egress_internet",
            "module.eks.aws_security_group_rule.cluster_https_worker_ingress",
            "module.eks.aws_security_group_rule.cluster_primary_ingress_workers",
            "module.eks.aws_security_group_rule.workers_egress_internet",
            "module.eks.aws_security_group_rule.workers_ingress_cluster",
            "module.eks.aws_security_group_rule.workers_ingress_cluster_https",
            "module.eks.aws_security_group_rule.workers_ingress_cluster_kubelet",
            "module.eks.aws_security_group_rule.workers_ingress_cluster_primary",
            "module.eks.aws_security_group_rule.workers_ingress_self",
            "module.eks.data.aws_ami.eks_worker",
            "module.eks.data.aws_ami.eks_worker_windows",
            "module.eks.data.aws_iam_instance_profile.custom_worker_group_iam_instance_profile",
            "module.eks.data.aws_iam_policy_document.cluster_assume_role_policy",
            "module.eks.data.aws_iam_policy_document.workers_assume_role_policy",
            "module.eks.data.aws_iam_role.custom_cluster_iam_role",
            "module.eks.data.aws_partition.current",
            "module.vpc.aws_subnet.private",
            "module.vpc.aws_vpc.this",
            "module.vpc.aws_vpc_ipv4_cidr_block_association.this",
            "random_string.suffix"
          ],
          "create_before_destroy": true
        },
        {
          "index_key": 1,
          "schema_version": 0,
          "attributes": {
            "arn": "arn:aws:autoscaling:us-west-2:033379543890:autoScalingGroup:556319bc-ef01-45c5-b93d-094b854d283a:autoScalingGroupName/lseg-eks-T9gWKSdV-worker-group-220220104212435348400000017",
            "availability_zones": [
              "us-west-2a",
              "us-west-2b",
              "us-west-2c"
            ],
            "capacity_rebalance": false,
            "default_cooldown": 300,
            "desired_capacity": 1,
            "enabled_metrics": null,
            "force_delete": false,
            "force_delete_warm_pool": false,
            "health_check_grace_period": 300,
            "health_check_type": "EC2",
            "id": "lseg-eks-T9gWKSdV-worker-group-220220104212435348400000017",
            "initial_lifecycle_hook": [],
            "instance_refresh": [],
            "launch_configuration": "lseg-eks-T9gWKSdV-worker-group-220220104212423922200000014",
            "launch_template": [],
            "load_balancers": null,
            "max_instance_lifetime": 0,
            "max_size": 3,
            "metrics_granularity": "1Minute",
            "min_elb_capacity": null,
            "min_size": 1,
            "mixed_instances_policy": [],
            "name": "lseg-eks-T9gWKSdV-worker-group-220220104212435348400000017",
            "name_prefix": "lseg-eks-T9gWKSdV-worker-group-2",
            "placement_group": "",
            "protect_from_scale_in": false,
            "service_linked_role_arn": "arn:aws:iam::033379543890:role/aws-service-role/autoscaling.amazonaws.com/AWSServiceRoleForAutoScaling",
            "suspended_processes": [
              "AZRebalance"
            ],
            "tag": [
              {
                "key": "Environment",
                "propagate_at_launch": true,
                "value": "training"
              },
              {
                "key": "GithubOrg",
                "propagate_at_launch": true,
                "value": "terraform-aws-modules"
              },
              {
                "key": "GithubRepo",
                "propagate_at_launch": true,
                "value": "terraform-aws-eks"
              },
              {
                "key": "Name",
                "propagate_at_launch": true,
                "value": "lseg-eks-T9gWKSdV-worker-group-2-eks_asg"
              },
              {
                "key": "k8s.io/cluster/lseg-eks-T9gWKSdV",
                "propagate_at_launch": true,
                "value": "owned"
              },
              {
                "key": "kubernetes.io/cluster/lseg-eks-T9gWKSdV",
                "propagate_at_launch": true,
                "value": "owned"
              }
            ],
            "tags": null,
            "target_group_arns": null,
            "termination_policies": [],
            "timeouts": null,
            "vpc_zone_identifier": [
              "subnet-0442a49803c45350e",
              "subnet-059d10c77a1c9efba",
              "subnet-0f0c12944600e8579"
            ],
            "wait_for_capacity_timeout": "10m",
            "wait_for_elb_capacity": null,
            "warm_pool": []
          },
          "sensitive_attributes": [],
          "private": "eyJlMmJmYjczMC1lY2FhLTExZTYtOGY4OC0zNDM2M2JjN2M0YzAiOnsiZGVsZXRlIjo2MDAwMDAwMDAwMDB9fQ==",
          "dependencies": [
            "aws_security_group.worker_group_mgmt_one",
            "aws_security_group.worker_group_mgmt_two",
            "data.aws_availability_zones.available",
            "module.eks.aws_cloudwatch_log_group.this",
            "module.eks.aws_eks_cluster.this",
            "module.eks.aws_iam_instance_profile.workers",
            "module.eks.aws_iam_role.cluster",
            "module.eks.aws_iam_role.workers",
            "module.eks.aws_iam_role_policy_attachment.cluster_AmazonEKSClusterPolicy",
            "module.eks.aws_iam_role_policy_attachment.cluster_AmazonEKSServicePolicy",
            "module.eks.aws_iam_role_policy_attachment.cluster_AmazonEKSVPCResourceControllerPolicy",
            "module.eks.aws_iam_role_policy_attachment.workers_AmazonEC2ContainerRegistryReadOnly",
            "module.eks.aws_iam_role_policy_attachment.workers_AmazonEKSWorkerNodePolicy",
            "module.eks.aws_iam_role_policy_attachment.workers_AmazonEKS_CNI_Policy",
            "module.eks.aws_iam_role_policy_attachment.workers_additional_policies",
            "module.eks.aws_launch_configuration.workers",
            "module.eks.aws_security_group.cluster",
            "module.eks.aws_security_group.workers",
            "module.eks.aws_security_group_rule.cluster_egress_internet",
            "module.eks.aws_security_group_rule.cluster_https_worker_ingress",
            "module.eks.aws_security_group_rule.cluster_primary_ingress_workers",
            "module.eks.aws_security_group_rule.workers_egress_internet",
            "module.eks.aws_security_group_rule.workers_ingress_cluster",
            "module.eks.aws_security_group_rule.workers_ingress_cluster_https",
            "module.eks.aws_security_group_rule.workers_ingress_cluster_kubelet",
            "module.eks.aws_security_group_rule.workers_ingress_cluster_primary",
            "module.eks.aws_security_group_rule.workers_ingress_self",
            "module.eks.data.aws_ami.eks_worker",
            "module.eks.data.aws_ami.eks_worker_windows",
            "module.eks.data.aws_iam_instance_profile.custom_worker_group_iam_instance_profile",
            "module.eks.data.aws_iam_policy_document.cluster_assume_role_policy",
            "module.eks.data.aws_iam_policy_document.workers_assume_role_policy",
            "module.eks.data.aws_iam_role.custom_cluster_iam_role",
            "module.eks.data.aws_partition.current",
            "module.vpc.aws_subnet.private",
            "module.vpc.aws_vpc.this",
            "module.vpc.aws_vpc_ipv4_cidr_block_association.this",
            "random_string.suffix"
          ],
          "create_before_destroy": true
        }
      ]
    },
    {
      "module": "module.eks",
      "mode": "managed",
      "type": "aws_eks_cluster",
      "name": "this",
      "provider": "provider[\"registry.terraform.io/hashicorp/aws\"]",
      "instances": [
        {
          "index_key": 0,
          "schema_version": 0,
          "attributes": {
            "arn": "arn:aws:eks:us-west-2:033379543890:cluster/lseg-eks-T9gWKSdV",
            "certificate_authority": [
              {
                "data": "LS0tLS1CRUdJTiBDRVJUSUZJQ0FURS0tLS0tCk1JSUM1ekNDQWMrZ0F3SUJBZ0lCQURBTkJna3Foa2lHOXcwQkFRc0ZBREFWTVJNd0VRWURWUVFERXdwcmRXSmwKY201bGRHVnpNQjRYRFRJeU1ERXdOREl4TWpBd05sb1hEVE15TURFd01qSXhNakF3Tmxvd0ZURVRNQkVHQTFVRQpBeE1LYTNWaVpYSnVaWFJsY3pDQ0FTSXdEUVlKS29aSWh2Y05BUUVCQlFBRGdnRVBBRENDQVFvQ2dnRUJBSzNPCjBpNjhlWCtkNGtxMmZHRXZIVmFISnJDNHkwUVFWZzBrSk1RV29SY1RwZ0NQMzhKSWxibTdQZ2wxakZTcG5yRDgKSUZpOGtkVFpFaGxvOHhveVNXU3M5VU15MzN3ZW9ickswT1hDMS9ZOElhbnpaZUVsSWlHVHhzcnRYbVpLeUdyUgpRWUFHQWJVdnFQRlUzSjBmaUp1T1g0QVJFbmc5eFZPSG1yR1NzVnQ2bjAwdDZyUm9INmlxUWJHY01Ma2lDKzlyClRNNGlSaHptQ2Nxa3c3RUpKNkhJVWpOTm5ncysvQXhFVGdnSmFQNEsrYzU1TWJmRkE1NEdGOFRUNXVWRmpzTEcKcHVGZlFvRmZJNFNCSUdIMjRtVWVTQ0kzcVZRYTVybGhkVmxJTWVuVG1zYjFQVjgxaEZ1QklTRlJiZ3UreEE2WAptSUlsSXMzTldXUmVRMXZvZ0prQ0F3RUFBYU5DTUVBd0RnWURWUjBQQVFIL0JBUURBZ0trTUE4R0ExVWRFd0VCCi93UUZNQU1CQWY4d0hRWURWUjBPQkJZRUZBRHdHTFBCaVM3VDUvd252T3BISFAvUlZpa3BNQTBHQ1NxR1NJYjMKRFFFQkN3VUFBNElCQVFCZVBJUm00OVNGSGd0SnJnblVmd3gxQmxSbHFydFJncGVxWmN1aEpQcEExMWFFRmp2agpSNU8xTW0zUXVPWUpaZUIzMXNXeFJ3N1JxdzFhbzJiTDAzR1ZOY2dxOG9wM2Vzbm1RN05kZXVZL0sxV2plZ1FWCmplWXBXS1ZtWkdUYnIzdUo5K3V1bmg2NjFaSEZOQlh1dTdGTno2UXFkSjZyMFpEOCtIamJQSEo5elJlS0JhMXEKUnZ5dUpSOC9IS043empSSHY3WEF4NU5zSnd2Z09JU21POFBIMWNsaTdwby9OWGxsY0Fid0t6V1ZtdHI4dGdldQpNTnFtZ0JYb2FjalQzdGpGdWtoUkhTUDRudHNMbHJYMTYxUlBoNGtoNEZsMlZlV1lreGpHSHNPdFFaWlFybktmCnZ2bExoOHZVQU16VUlvc3cxeG9SS2kvelNkTGdOSU9LbnNBNQotLS0tLUVORCBDRVJUSUZJQ0FURS0tLS0tCg=="
              }
            ],
            "created_at": "2022-01-04 21:12:46.221 +0000 UTC",
            "enabled_cluster_log_types": null,
            "encryption_config": [],
            "endpoint": "https://177A68199B2A92AA1F163CF8E3130791.gr7.us-west-2.eks.amazonaws.com",
            "id": "lseg-eks-T9gWKSdV",
            "identity": [
              {
                "oidc": [
                  {
                    "issuer": "https://oidc.eks.us-west-2.amazonaws.com/id/177A68199B2A92AA1F163CF8E3130791"
                  }
                ]
              }
            ],
            "kubernetes_network_config": [
              {
                "service_ipv4_cidr": "172.20.0.0/16"
              }
            ],
            "name": "lseg-eks-T9gWKSdV",
            "platform_version": "eks.3",
            "role_arn": "arn:aws:iam::033379543890:role/lseg-eks-T9gWKSdV20220104211206890300000001",
            "status": "ACTIVE",
            "tags": {
              "Environment": "training",
              "GithubOrg": "terraform-aws-modules",
              "GithubRepo": "terraform-aws-eks"
            },
            "tags_all": {
              "Environment": "training",
              "GithubOrg": "terraform-aws-modules",
              "GithubRepo": "terraform-aws-eks"
            },
            "timeouts": {
              "create": "30m",
              "delete": "15m",
              "update": "60m"
            },
            "version": "1.20",
            "vpc_config": [
              {
                "cluster_security_group_id": "sg-017b373567ddd94a6",
                "endpoint_private_access": false,
                "endpoint_public_access": true,
                "public_access_cidrs": [
                  "0.0.0.0/0"
                ],
                "security_group_ids": [
                  "sg-0bdb98b8bc7081c63"
                ],
                "subnet_ids": [
                  "subnet-0442a49803c45350e",
                  "subnet-059d10c77a1c9efba",
                  "subnet-0f0c12944600e8579"
                ],
                "vpc_id": "vpc-02af8e167cc8722d0"
              }
            ]
          },
          "sensitive_attributes": [],
          "private": "eyJlMmJmYjczMC1lY2FhLTExZTYtOGY4OC0zNDM2M2JjN2M0YzAiOnsiY3JlYXRlIjoxODAwMDAwMDAwMDAwLCJkZWxldGUiOjkwMDAwMDAwMDAwMCwidXBkYXRlIjozNjAwMDAwMDAwMDAwfX0=",
          "dependencies": [
            "data.aws_availability_zones.available",
            "module.eks.aws_cloudwatch_log_group.this",
            "module.eks.aws_iam_role.cluster",
            "module.eks.aws_iam_role_policy_attachment.cluster_AmazonEKSClusterPolicy",
            "module.eks.aws_iam_role_policy_attachment.cluster_AmazonEKSServicePolicy",
            "module.eks.aws_iam_role_policy_attachment.cluster_AmazonEKSVPCResourceControllerPolicy",
            "module.eks.aws_security_group.cluster",
            "module.eks.aws_security_group.workers",
            "module.eks.aws_security_group_rule.cluster_egress_internet",
            "module.eks.aws_security_group_rule.cluster_https_worker_ingress",
            "module.eks.data.aws_iam_policy_document.cluster_assume_role_policy",
            "module.eks.data.aws_iam_role.custom_cluster_iam_role",
            "module.eks.data.aws_partition.current",
            "module.vpc.aws_subnet.private",
            "module.vpc.aws_vpc.this",
            "module.vpc.aws_vpc_ipv4_cidr_block_association.this",
            "random_string.suffix"
          ],
          "create_before_destroy": true
        }
      ]
    },
    {
      "module": "module.eks",
      "mode": "managed",
      "type": "aws_iam_instance_profile",
      "name": "workers",
      "provider": "provider[\"registry.terraform.io/hashicorp/aws\"]",
      "instances": [
        {
          "index_key": 0,
          "schema_version": 0,
          "attributes": {
            "arn": "arn:aws:iam::033379543890:instance-profile/lseg-eks-T9gWKSdV20220104212421474100000010",
            "create_date": "2022-01-04T21:24:21Z",
            "id": "lseg-eks-T9gWKSdV20220104212421474100000010",
            "name": "lseg-eks-T9gWKSdV20220104212421474100000010",
            "name_prefix": "lseg-eks-T9gWKSdV",
            "path": "/",
            "role": "lseg-eks-T9gWKSdV2022010421241845150000000e",
            "tags": {
              "Environment": "training",
              "GithubOrg": "terraform-aws-modules",
              "GithubRepo": "terraform-aws-eks"
            },
            "tags_all": {
              "Environment": "training",
              "GithubOrg": "terraform-aws-modules",
              "GithubRepo": "terraform-aws-eks"
            },
            "unique_id": "AIPAQPRMTNNJOCZLN662V"
          },
          "sensitive_attributes": [],
          "private": "bnVsbA==",
          "dependencies": [
            "aws_security_group.worker_group_mgmt_one",
            "aws_security_group.worker_group_mgmt_two",
            "data.aws_availability_zones.available",
            "module.eks.aws_cloudwatch_log_group.this",
            "module.eks.aws_eks_cluster.this",
            "module.eks.aws_iam_role.cluster",
            "module.eks.aws_iam_role.workers",
            "module.eks.aws_iam_role_policy_attachment.cluster_AmazonEKSClusterPolicy",
            "module.eks.aws_iam_role_policy_attachment.cluster_AmazonEKSServicePolicy",
            "module.eks.aws_iam_role_policy_attachment.cluster_AmazonEKSVPCResourceControllerPolicy",
            "module.eks.aws_security_group.cluster",
            "module.eks.aws_security_group.workers",
            "module.eks.aws_security_group_rule.cluster_egress_internet",
            "module.eks.aws_security_group_rule.cluster_https_worker_ingress",
            "module.eks.data.aws_iam_policy_document.cluster_assume_role_policy",
            "module.eks.data.aws_iam_policy_document.workers_assume_role_policy",
            "module.eks.data.aws_iam_role.custom_cluster_iam_role",
            "module.eks.data.aws_partition.current",
            "module.vpc.aws_subnet.private",
            "module.vpc.aws_vpc.this",
            "module.vpc.aws_vpc_ipv4_cidr_block_association.this",
            "random_string.suffix"
          ],
          "create_before_destroy": true
        },
        {
          "index_key": 1,
          "schema_version": 0,
          "attributes": {
            "arn": "arn:aws:iam::033379543890:instance-profile/lseg-eks-T9gWKSdV2022010421242147050000000f",
            "create_date": "2022-01-04T21:24:21Z",
            "id": "lseg-eks-T9gWKSdV2022010421242147050000000f",
            "name": "lseg-eks-T9gWKSdV2022010421242147050000000f",
            "name_prefix": "lseg-eks-T9gWKSdV",
            "path": "/",
            "role": "lseg-eks-T9gWKSdV2022010421241845150000000e",
            "tags": {
              "Environment": "training",
              "GithubOrg": "terraform-aws-modules",
              "GithubRepo": "terraform-aws-eks"
            },
            "tags_all": {
              "Environment": "training",
              "GithubOrg": "terraform-aws-modules",
              "GithubRepo": "terraform-aws-eks"
            },
            "unique_id": "AIPAQPRMTNNJHQND6IFOF"
          },
          "sensitive_attributes": [],
          "private": "bnVsbA==",
          "dependencies": [
            "aws_security_group.worker_group_mgmt_one",
            "aws_security_group.worker_group_mgmt_two",
            "data.aws_availability_zones.available",
            "module.eks.aws_cloudwatch_log_group.this",
            "module.eks.aws_eks_cluster.this",
            "module.eks.aws_iam_role.cluster",
            "module.eks.aws_iam_role.workers",
            "module.eks.aws_iam_role_policy_attachment.cluster_AmazonEKSClusterPolicy",
            "module.eks.aws_iam_role_policy_attachment.cluster_AmazonEKSServicePolicy",
            "module.eks.aws_iam_role_policy_attachment.cluster_AmazonEKSVPCResourceControllerPolicy",
            "module.eks.aws_security_group.cluster",
            "module.eks.aws_security_group.workers",
            "module.eks.aws_security_group_rule.cluster_egress_internet",
            "module.eks.aws_security_group_rule.cluster_https_worker_ingress",
            "module.eks.data.aws_iam_policy_document.cluster_assume_role_policy",
            "module.eks.data.aws_iam_policy_document.workers_assume_role_policy",
            "module.eks.data.aws_iam_role.custom_cluster_iam_role",
            "module.eks.data.aws_partition.current",
            "module.vpc.aws_subnet.private",
            "module.vpc.aws_vpc.this",
            "module.vpc.aws_vpc_ipv4_cidr_block_association.this",
            "random_string.suffix"
          ],
          "create_before_destroy": true
        }
      ]
    },
    {
      "module": "module.eks",
      "mode": "managed",
      "type": "aws_iam_policy",
      "name": "cluster_deny_log_group",
      "provider": "provider[\"registry.terraform.io/hashicorp/aws\"]",
      "instances": [
        {
          "index_key": 0,
          "schema_version": 0,
          "attributes": {
            "arn": "arn:aws:iam::033379543890:policy/lseg-eks-T9gWKSdV-deny-log-group20220104211206890900000002",
            "description": "Deny CreateLogGroup",
            "id": "arn:aws:iam::033379543890:policy/lseg-eks-T9gWKSdV-deny-log-group20220104211206890900000002",
            "name": "lseg-eks-T9gWKSdV-deny-log-group20220104211206890900000002",
            "name_prefix": "lseg-eks-T9gWKSdV-deny-log-group",
            "path": "/",
            "policy": "{\"Statement\":[{\"Action\":\"logs:CreateLogGroup\",\"Effect\":\"Deny\",\"Resource\":\"*\",\"Sid\":\"\"}],\"Version\":\"2012-10-17\"}",
            "policy_id": "ANPAQPRMTNNJO2EBXTP6U",
            "tags": {
              "Environment": "training",
              "GithubOrg": "terraform-aws-modules",
              "GithubRepo": "terraform-aws-eks"
            },
            "tags_all": {
              "Environment": "training",
              "GithubOrg": "terraform-aws-modules",
              "GithubRepo": "terraform-aws-eks"
            }
          },
          "sensitive_attributes": [],
          "private": "bnVsbA==",
          "dependencies": [
            "module.eks.data.aws_iam_policy_document.cluster_deny_log_group",
            "random_string.suffix"
          ]
        }
      ]
    },
    {
      "module": "module.eks",
      "mode": "managed",
      "type": "aws_iam_policy",
      "name": "cluster_elb_sl_role_creation",
      "provider": "provider[\"registry.terraform.io/hashicorp/aws\"]",
      "instances": [
        {
          "index_key": 0,
          "schema_version": 0,
          "attributes": {
            "arn": "arn:aws:iam::033379543890:policy/lseg-eks-T9gWKSdV-elb-sl-role-creation20220104211206893100000003",
            "description": "Permissions for EKS to create AWSServiceRoleForElasticLoadBalancing service-linked role",
            "id": "arn:aws:iam::033379543890:policy/lseg-eks-T9gWKSdV-elb-sl-role-creation20220104211206893100000003",
            "name": "lseg-eks-T9gWKSdV-elb-sl-role-creation20220104211206893100000003",
            "name_prefix": "lseg-eks-T9gWKSdV-elb-sl-role-creation",
            "path": "/",
            "policy": "{\"Statement\":[{\"Action\":[\"ec2:DescribeInternetGateways\",\"ec2:DescribeAddresses\",\"ec2:DescribeAccountAttributes\"],\"Effect\":\"Allow\",\"Resource\":\"*\",\"Sid\":\"\"}],\"Version\":\"2012-10-17\"}",
            "policy_id": "ANPAQPRMTNNJGWWEG35YC",
            "tags": {
              "Environment": "training",
              "GithubOrg": "terraform-aws-modules",
              "GithubRepo": "terraform-aws-eks"
            },
            "tags_all": {
              "Environment": "training",
              "GithubOrg": "terraform-aws-modules",
              "GithubRepo": "terraform-aws-eks"
            }
          },
          "sensitive_attributes": [],
          "private": "bnVsbA==",
          "dependencies": [
            "module.eks.data.aws_iam_policy_document.cluster_elb_sl_role_creation",
            "random_string.suffix"
          ]
        }
      ]
    },
    {
      "module": "module.eks",
      "mode": "managed",
      "type": "aws_iam_role",
      "name": "cluster",
      "provider": "provider[\"registry.terraform.io/hashicorp/aws\"]",
      "instances": [
        {
          "index_key": 0,
          "schema_version": 0,
          "attributes": {
            "arn": "arn:aws:iam::033379543890:role/lseg-eks-T9gWKSdV20220104211206890300000001",
            "assume_role_policy": "{\"Version\":\"2012-10-17\",\"Statement\":[{\"Sid\":\"EKSClusterAssumeRole\",\"Effect\":\"Allow\",\"Principal\":{\"Service\":\"eks.amazonaws.com\"},\"Action\":\"sts:AssumeRole\"}]}",
            "create_date": "2022-01-04T21:12:07Z",
            "description": "",
            "force_detach_policies": true,
            "id": "lseg-eks-T9gWKSdV20220104211206890300000001",
            "inline_policy": [
              {
                "name": "",
                "policy": ""
              }
            ],
            "managed_policy_arns": [],
            "max_session_duration": 3600,
            "name": "lseg-eks-T9gWKSdV20220104211206890300000001",
            "name_prefix": "lseg-eks-T9gWKSdV",
            "path": "/",
            "permissions_boundary": null,
            "tags": {
              "Environment": "training",
              "GithubOrg": "terraform-aws-modules",
              "GithubRepo": "terraform-aws-eks"
            },
            "tags_all": {
              "Environment": "training",
              "GithubOrg": "terraform-aws-modules",
              "GithubRepo": "terraform-aws-eks"
            },
            "unique_id": "AROAQPRMTNNJCPQW2FS2K"
          },
          "sensitive_attributes": [],
          "private": "bnVsbA==",
          "dependencies": [
            "module.eks.data.aws_iam_policy_document.cluster_assume_role_policy",
            "random_string.suffix"
          ],
          "create_before_destroy": true
        }
      ]
    },
    {
      "module": "module.eks",
      "mode": "managed",
      "type": "aws_iam_role",
      "name": "workers",
      "provider": "provider[\"registry.terraform.io/hashicorp/aws\"]",
      "instances": [
        {
          "index_key": 0,
          "schema_version": 0,
          "attributes": {
            "arn": "arn:aws:iam::033379543890:role/lseg-eks-T9gWKSdV2022010421241845150000000e",
            "assume_role_policy": "{\"Version\":\"2012-10-17\",\"Statement\":[{\"Sid\":\"EKSWorkerAssumeRole\",\"Effect\":\"Allow\",\"Principal\":{\"Service\":\"ec2.amazonaws.com\"},\"Action\":\"sts:AssumeRole\"}]}",
            "create_date": "2022-01-04T21:24:19Z",
            "description": "",
            "force_detach_policies": true,
            "id": "lseg-eks-T9gWKSdV2022010421241845150000000e",
            "inline_policy": [
              {
                "name": "",
                "policy": ""
              }
            ],
            "managed_policy_arns": [],
            "max_session_duration": 3600,
            "name": "lseg-eks-T9gWKSdV2022010421241845150000000e",
            "name_prefix": "lseg-eks-T9gWKSdV",
            "path": "/",
            "permissions_boundary": null,
            "tags": {
              "Environment": "training",
              "GithubOrg": "terraform-aws-modules",
              "GithubRepo": "terraform-aws-eks"
            },
            "tags_all": {
              "Environment": "training",
              "GithubOrg": "terraform-aws-modules",
              "GithubRepo": "terraform-aws-eks"
            },
            "unique_id": "AROAQPRMTNNJCCZDPWA7J"
          },
          "sensitive_attributes": [],
          "private": "bnVsbA==",
          "dependencies": [
            "data.aws_availability_zones.available",
            "module.eks.aws_cloudwatch_log_group.this",
            "module.eks.aws_eks_cluster.this",
            "module.eks.aws_iam_role.cluster",
            "module.eks.aws_iam_role_policy_attachment.cluster_AmazonEKSClusterPolicy",
            "module.eks.aws_iam_role_policy_attachment.cluster_AmazonEKSServicePolicy",
            "module.eks.aws_iam_role_policy_attachment.cluster_AmazonEKSVPCResourceControllerPolicy",
            "module.eks.aws_security_group.cluster",
            "module.eks.aws_security_group.workers",
            "module.eks.aws_security_group_rule.cluster_egress_internet",
            "module.eks.aws_security_group_rule.cluster_https_worker_ingress",
            "module.eks.data.aws_iam_policy_document.cluster_assume_role_policy",
            "module.eks.data.aws_iam_policy_document.workers_assume_role_policy",
            "module.eks.data.aws_iam_role.custom_cluster_iam_role",
            "module.eks.data.aws_partition.current",
            "module.vpc.aws_subnet.private",
            "module.vpc.aws_vpc.this",
            "module.vpc.aws_vpc_ipv4_cidr_block_association.this",
            "random_string.suffix"
          ],
          "create_before_destroy": true
        }
      ]
    },
    {
      "module": "module.eks",
      "mode": "managed",
      "type": "aws_iam_role_policy_attachment",
      "name": "cluster_AmazonEKSClusterPolicy",
      "provider": "provider[\"registry.terraform.io/hashicorp/aws\"]",
      "instances": [
        {
          "index_key": 0,
          "schema_version": 0,
          "attributes": {
            "id": "lseg-eks-T9gWKSdV20220104211206890300000001-20220104211210358400000004",
            "policy_arn": "arn:aws:iam::aws:policy/AmazonEKSClusterPolicy",
            "role": "lseg-eks-T9gWKSdV20220104211206890300000001"
          },
          "sensitive_attributes": [],
          "private": "bnVsbA==",
          "dependencies": [
            "module.eks.aws_iam_role.cluster",
            "module.eks.data.aws_iam_policy_document.cluster_assume_role_policy",
            "module.eks.data.aws_partition.current",
            "random_string.suffix"
          ],
          "create_before_destroy": true
        }
      ]
    },
    {
      "module": "module.eks",
      "mode": "managed",
      "type": "aws_iam_role_policy_attachment",
      "name": "cluster_AmazonEKSServicePolicy",
      "provider": "provider[\"registry.terraform.io/hashicorp/aws\"]",
      "instances": [
        {
          "index_key": 0,
          "schema_version": 0,
          "attributes": {
            "id": "lseg-eks-T9gWKSdV20220104211206890300000001-20220104211210365900000006",
            "policy_arn": "arn:aws:iam::aws:policy/AmazonEKSServicePolicy",
            "role": "lseg-eks-T9gWKSdV20220104211206890300000001"
          },
          "sensitive_attributes": [],
          "private": "bnVsbA==",
          "dependencies": [
            "module.eks.aws_iam_role.cluster",
            "module.eks.data.aws_iam_policy_document.cluster_assume_role_policy",
            "module.eks.data.aws_partition.current",
            "random_string.suffix"
          ],
          "create_before_destroy": true
        }
      ]
    },
    {
      "module": "module.eks",
      "mode": "managed",
      "type": "aws_iam_role_policy_attachment",
      "name": "cluster_AmazonEKSVPCResourceControllerPolicy",
      "provider": "provider[\"registry.terraform.io/hashicorp/aws\"]",
      "instances": [
        {
          "index_key": 0,
          "schema_version": 0,
          "attributes": {
            "id": "lseg-eks-T9gWKSdV20220104211206890300000001-20220104211210404600000008",
            "policy_arn": "arn:aws:iam::aws:policy/AmazonEKSVPCResourceController",
            "role": "lseg-eks-T9gWKSdV20220104211206890300000001"
          },
          "sensitive_attributes": [],
          "private": "bnVsbA==",
          "dependencies": [
            "module.eks.aws_iam_role.cluster",
            "module.eks.data.aws_iam_policy_document.cluster_assume_role_policy",
            "module.eks.data.aws_partition.current",
            "random_string.suffix"
          ],
          "create_before_destroy": true
        }
      ]
    },
    {
      "module": "module.eks",
      "mode": "managed",
      "type": "aws_iam_role_policy_attachment",
      "name": "cluster_deny_log_group",
      "provider": "provider[\"registry.terraform.io/hashicorp/aws\"]",
      "instances": [
        {
          "index_key": 0,
          "schema_version": 0,
          "attributes": {
            "id": "lseg-eks-T9gWKSdV20220104211206890300000001-20220104211210382400000007",
            "policy_arn": "arn:aws:iam::033379543890:policy/lseg-eks-T9gWKSdV-deny-log-group20220104211206890900000002",
            "role": "lseg-eks-T9gWKSdV20220104211206890300000001"
          },
          "sensitive_attributes": [],
          "private": "bnVsbA==",
          "dependencies": [
            "module.eks.aws_iam_policy.cluster_deny_log_group",
            "module.eks.aws_iam_role.cluster",
            "module.eks.data.aws_iam_policy_document.cluster_assume_role_policy",
            "module.eks.data.aws_iam_policy_document.cluster_deny_log_group",
            "random_string.suffix"
          ]
        }
      ]
    },
    {
      "module": "module.eks",
      "mode": "managed",
      "type": "aws_iam_role_policy_attachment",
      "name": "cluster_elb_sl_role_creation",
      "provider": "provider[\"registry.terraform.io/hashicorp/aws\"]",
      "instances": [
        {
          "index_key": 0,
          "schema_version": 0,
          "attributes": {
            "id": "lseg-eks-T9gWKSdV20220104211206890300000001-20220104211210364200000005",
            "policy_arn": "arn:aws:iam::033379543890:policy/lseg-eks-T9gWKSdV-elb-sl-role-creation20220104211206893100000003",
            "role": "lseg-eks-T9gWKSdV20220104211206890300000001"
          },
          "sensitive_attributes": [],
          "private": "bnVsbA==",
          "dependencies": [
            "module.eks.aws_iam_policy.cluster_elb_sl_role_creation",
            "module.eks.aws_iam_role.cluster",
            "module.eks.data.aws_iam_policy_document.cluster_assume_role_policy",
            "module.eks.data.aws_iam_policy_document.cluster_elb_sl_role_creation",
            "random_string.suffix"
          ]
        }
      ]
    },
    {
      "module": "module.eks",
      "mode": "managed",
      "type": "aws_iam_role_policy_attachment",
      "name": "workers_AmazonEC2ContainerRegistryReadOnly",
      "provider": "provider[\"registry.terraform.io/hashicorp/aws\"]",
      "instances": [
        {
          "index_key": 0,
          "schema_version": 0,
          "attributes": {
            "id": "lseg-eks-T9gWKSdV2022010421241845150000000e-20220104212422050200000012",
            "policy_arn": "arn:aws:iam::aws:policy/AmazonEC2ContainerRegistryReadOnly",
            "role": "lseg-eks-T9gWKSdV2022010421241845150000000e"
          },
          "sensitive_attributes": [],
          "private": "bnVsbA==",
          "dependencies": [
            "data.aws_availability_zones.available",
            "module.eks.aws_cloudwatch_log_group.this",
            "module.eks.aws_eks_cluster.this",
            "module.eks.aws_iam_role.cluster",
            "module.eks.aws_iam_role.workers",
            "module.eks.aws_iam_role_policy_attachment.cluster_AmazonEKSClusterPolicy",
            "module.eks.aws_iam_role_policy_attachment.cluster_AmazonEKSServicePolicy",
            "module.eks.aws_iam_role_policy_attachment.cluster_AmazonEKSVPCResourceControllerPolicy",
            "module.eks.aws_security_group.cluster",
            "module.eks.aws_security_group.workers",
            "module.eks.aws_security_group_rule.cluster_egress_internet",
            "module.eks.aws_security_group_rule.cluster_https_worker_ingress",
            "module.eks.data.aws_iam_policy_document.cluster_assume_role_policy",
            "module.eks.data.aws_iam_policy_document.workers_assume_role_policy",
            "module.eks.data.aws_iam_role.custom_cluster_iam_role",
            "module.eks.data.aws_partition.current",
            "module.vpc.aws_subnet.private",
            "module.vpc.aws_vpc.this",
            "module.vpc.aws_vpc_ipv4_cidr_block_association.this",
            "random_string.suffix"
          ],
          "create_before_destroy": true
        }
      ]
    },
    {
      "module": "module.eks",
      "mode": "managed",
      "type": "aws_iam_role_policy_attachment",
      "name": "workers_AmazonEKSWorkerNodePolicy",
      "provider": "provider[\"registry.terraform.io/hashicorp/aws\"]",
      "instances": [
        {
          "index_key": 0,
          "schema_version": 0,
          "attributes": {
            "id": "lseg-eks-T9gWKSdV2022010421241845150000000e-20220104212422071800000013",
            "policy_arn": "arn:aws:iam::aws:policy/AmazonEKSWorkerNodePolicy",
            "role": "lseg-eks-T9gWKSdV2022010421241845150000000e"
          },
          "sensitive_attributes": [],
          "private": "bnVsbA==",
          "dependencies": [
            "data.aws_availability_zones.available",
            "module.eks.aws_cloudwatch_log_group.this",
            "module.eks.aws_eks_cluster.this",
            "module.eks.aws_iam_role.cluster",
            "module.eks.aws_iam_role.workers",
            "module.eks.aws_iam_role_policy_attachment.cluster_AmazonEKSClusterPolicy",
            "module.eks.aws_iam_role_policy_attachment.cluster_AmazonEKSServicePolicy",
            "module.eks.aws_iam_role_policy_attachment.cluster_AmazonEKSVPCResourceControllerPolicy",
            "module.eks.aws_security_group.cluster",
            "module.eks.aws_security_group.workers",
            "module.eks.aws_security_group_rule.cluster_egress_internet",
            "module.eks.aws_security_group_rule.cluster_https_worker_ingress",
            "module.eks.data.aws_iam_policy_document.cluster_assume_role_policy",
            "module.eks.data.aws_iam_policy_document.workers_assume_role_policy",
            "module.eks.data.aws_iam_role.custom_cluster_iam_role",
            "module.eks.data.aws_partition.current",
            "module.vpc.aws_subnet.private",
            "module.vpc.aws_vpc.this",
            "module.vpc.aws_vpc_ipv4_cidr_block_association.this",
            "random_string.suffix"
          ],
          "create_before_destroy": true
        }
      ]
    },
    {
      "module": "module.eks",
      "mode": "managed",
      "type": "aws_iam_role_policy_attachment",
      "name": "workers_AmazonEKS_CNI_Policy",
      "provider": "provider[\"registry.terraform.io/hashicorp/aws\"]",
      "instances": [
        {
          "index_key": 0,
          "schema_version": 0,
          "attributes": {
            "id": "lseg-eks-T9gWKSdV2022010421241845150000000e-20220104212422027900000011",
            "policy_arn": "arn:aws:iam::aws:policy/AmazonEKS_CNI_Policy",
            "role": "lseg-eks-T9gWKSdV2022010421241845150000000e"
          },
          "sensitive_attributes": [],
          "private": "bnVsbA==",
          "dependencies": [
            "data.aws_availability_zones.available",
            "module.eks.aws_cloudwatch_log_group.this",
            "module.eks.aws_eks_cluster.this",
            "module.eks.aws_iam_role.cluster",
            "module.eks.aws_iam_role.workers",
            "module.eks.aws_iam_role_policy_attachment.cluster_AmazonEKSClusterPolicy",
            "module.eks.aws_iam_role_policy_attachment.cluster_AmazonEKSServicePolicy",
            "module.eks.aws_iam_role_policy_attachment.cluster_AmazonEKSVPCResourceControllerPolicy",
            "module.eks.aws_security_group.cluster",
            "module.eks.aws_security_group.workers",
            "module.eks.aws_security_group_rule.cluster_egress_internet",
            "module.eks.aws_security_group_rule.cluster_https_worker_ingress",
            "module.eks.data.aws_iam_policy_document.cluster_assume_role_policy",
            "module.eks.data.aws_iam_policy_document.workers_assume_role_policy",
            "module.eks.data.aws_iam_role.custom_cluster_iam_role",
            "module.eks.data.aws_partition.current",
            "module.vpc.aws_subnet.private",
            "module.vpc.aws_vpc.this",
            "module.vpc.aws_vpc_ipv4_cidr_block_association.this",
            "random_string.suffix"
          ],
          "create_before_destroy": true
        }
      ]
    },
    {
      "module": "module.eks",
      "mode": "managed",
      "type": "aws_launch_configuration",
      "name": "workers",
      "provider": "provider[\"registry.terraform.io/hashicorp/aws\"]",
      "instances": [
        {
          "index_key": 0,
          "schema_version": 0,
          "attributes": {
            "arn": "arn:aws:autoscaling:us-west-2:033379543890:launchConfiguration:4f92e7c6-506a-4582-8640-5d9c9264597d:launchConfigurationName/lseg-eks-T9gWKSdV-worker-group-120220104212423923500000015",
            "associate_public_ip_address": false,
            "ebs_block_device": [],
            "ebs_optimized": false,
            "enable_monitoring": true,
            "ephemeral_block_device": [],
            "iam_instance_profile": "lseg-eks-T9gWKSdV20220104212421474100000010",
            "id": "lseg-eks-T9gWKSdV-worker-group-120220104212423923500000015",
            "image_id": "ami-0b214cc768d59fa03",
            "instance_type": "t2.small",
            "key_name": "",
            "metadata_options": [
              {
                "http_endpoint": "enabled",
                "http_put_response_hop_limit": 1,
                "http_tokens": "optional"
              }
            ],
            "name": "lseg-eks-T9gWKSdV-worker-group-120220104212423923500000015",
            "name_prefix": "lseg-eks-T9gWKSdV-worker-group-1",
            "placement_tenancy": "",
            "root_block_device": [
              {
                "delete_on_termination": true,
                "encrypted": false,
                "iops": 0,
                "throughput": 0,
                "volume_size": 100,
                "volume_type": "gp2"
              }
            ],
            "security_groups": [
              "sg-071069981dda4c2da",
              "sg-0b46d532a1b83b0d3"
            ],
            "spot_price": "",
            "user_data": null,
            "user_data_base64": "IyEvYmluL2Jhc2ggLWUKCiMgQWxsb3cgdXNlciBzdXBwbGllZCBwcmUgdXNlcmRhdGEgY29kZQoKCiMgQm9vdHN0cmFwIGFuZCBqb2luIHRoZSBjbHVzdGVyCi9ldGMvZWtzL2Jvb3RzdHJhcC5zaCAtLWI2NC1jbHVzdGVyLWNhICdMUzB0TFMxQ1JVZEpUaUJEUlZKVVNVWkpRMEZVUlMwdExTMHRDazFKU1VNMWVrTkRRV01yWjBGM1NVSkJaMGxDUVVSQlRrSm5hM0ZvYTJsSE9YY3dRa0ZSYzBaQlJFRldUVkpOZDBWUldVUldVVkZFUlhkd2NtUlhTbXdLWTIwMWJHUkhWbnBOUWpSWVJGUkplVTFFUlhkT1JFbDRUV3BCZDA1c2IxaEVWRTE1VFVSRmQwMXFTWGhOYWtGM1RteHZkMFpVUlZSTlFrVkhRVEZWUlFwQmVFMUxZVE5XYVZwWVNuVmFXRkpzWTNwRFEwRlRTWGRFVVZsS1MyOWFTV2gyWTA1QlVVVkNRbEZCUkdkblJWQkJSRU5EUVZGdlEyZG5SVUpCU3pOUENqQnBOamhsV0N0a05HdHhNbVpIUlhaSVZtRklTbkpETkhrd1VWRldaekJyU2sxUlYyOVNZMVJ3WjBOUU16aEtTV3hpYlRkUVoyd3hha1pUY0c1eVJEZ0tTVVpwT0d0a1ZGcEZhR3h2T0hodmVWTlhVM001VlUxNU16TjNaVzlpY2tzd1QxaERNUzlaT0VsaGJucGFaVVZzU1dsSFZIaHpjblJZYlZwTGVVZHlVZ3BSV1VGSFFXSlZkbkZRUmxVelNqQm1hVXAxVDFnMFFWSkZibWM1ZUZaUFNHMXlSMU56Vm5RMmJqQXdkRFp5VW05SU5tbHhVV0pIWTAxTWEybERLemx5Q2xSTk5HbFNhSHB0UTJOeGEzYzNSVXBLTmtoSlZXcE9UbTVuY3lzdlFYaEZWR2RuU21GUU5Fc3JZelUxVFdKbVJrRTFORWRHT0ZSVU5YVldSbXB6VEVjS2NIVkdabEZ2Um1aSk5GTkNTVWRJTWpSdFZXVlRRMGt6Y1ZaUllUVnliR2hrVm14SlRXVnVWRzF6WWpGUVZqZ3hhRVoxUWtsVFJsSmlaM1VyZUVFMldBcHRTVWxzU1hNelRsZFhVbVZSTVhadlowcHJRMEYzUlVGQllVNURUVVZCZDBSbldVUldVakJRUVZGSUwwSkJVVVJCWjB0clRVRTRSMEV4VldSRmQwVkNDaTkzVVVaTlFVMUNRV1k0ZDBoUldVUldVakJQUWtKWlJVWkJSSGRIVEZCQ2FWTTNWRFV2ZDI1MlQzQklTRkF2VWxacGEzQk5RVEJIUTFOeFIxTkpZak1LUkZGRlFrTjNWVUZCTkVsQ1FWRkNaVkJKVW0wME9WTkdTR2QwU25KbmJsVm1kM2d4UW14U2JIRnlkRkpuY0dWeFdtTjFhRXBRY0VFeE1XRkZSbXAyYWdwU05VOHhUVzB6VVhWUFdVcGFaVUl6TVhOWGVGSjNOMUp4ZHpGaGJ6SmlUREF6UjFaT1kyZHhPRzl3TTJWemJtMVJOMDVrWlhWWkwwc3hWMnBsWjFGV0NtcGxXWEJYUzFadFdrZFVZbkl6ZFVvNUszVjFibWcyTmpGYVNFWk9RbGgxZFRkR1RubzJVWEZrU2paeU1GcEVPQ3RJYW1KUVNFbzVlbEpsUzBKaE1YRUtVblo1ZFVwU09DOUlTMDQzZW1wU1NIWTNXRUY0TlU1elNuZDJaMDlKVTIxUE9GQklNV05zYVRkd2J5OU9XR3hzWTBGaWQwdDZWMVp0ZEhJNGRHZGxkUXBOVG5GdFowSlliMkZqYWxRemRHcEdkV3RvVWtoVFVEUnVkSE5NYkhKWU1UWXhVbEJvTkd0b05FWnNNbFpsVjFscmVHcEhTSE5QZEZGYVdsRnlia3RtQ25aMmJFeG9PSFpWUVUxNlZVbHZjM2N4ZUc5U1Mya3ZlbE5rVEdkT1NVOUxibk5CTlFvdExTMHRMVVZPUkNCRFJWSlVTVVpKUTBGVVJTMHRMUzB0Q2c9PScgLS1hcGlzZXJ2ZXItZW5kcG9pbnQgJ2h0dHBzOi8vMTc3QTY4MTk5QjJBOTJBQTFGMTYzQ0Y4RTMxMzA3OTEuZ3I3LnVzLXdlc3QtMi5la3MuYW1hem9uYXdzLmNvbScgIC0ta3ViZWxldC1leHRyYS1hcmdzICIiICdsc2VnLWVrcy1UOWdXS1NkVicKCiMgQWxsb3cgdXNlciBzdXBwbGllZCB1c2VyZGF0YSBjb2RlCmVjaG8gd29ya2VyLWdyb3VwLTEK",
            "vpc_classic_link_id": "",
            "vpc_classic_link_security_groups": null
          },
          "sensitive_attributes": [],
          "private": "bnVsbA==",
          "dependencies": [
            "aws_security_group.worker_group_mgmt_one",
            "aws_security_group.worker_group_mgmt_two",
            "data.aws_availability_zones.available",
            "module.eks.aws_cloudwatch_log_group.this",
            "module.eks.aws_eks_cluster.this",
            "module.eks.aws_iam_instance_profile.workers",
            "module.eks.aws_iam_role.cluster",
            "module.eks.aws_iam_role.workers",
            "module.eks.aws_iam_role_policy_attachment.cluster_AmazonEKSClusterPolicy",
            "module.eks.aws_iam_role_policy_attachment.cluster_AmazonEKSServicePolicy",
            "module.eks.aws_iam_role_policy_attachment.cluster_AmazonEKSVPCResourceControllerPolicy",
            "module.eks.aws_iam_role_policy_attachment.workers_AmazonEC2ContainerRegistryReadOnly",
            "module.eks.aws_iam_role_policy_attachment.workers_AmazonEKSWorkerNodePolicy",
            "module.eks.aws_iam_role_policy_attachment.workers_AmazonEKS_CNI_Policy",
            "module.eks.aws_iam_role_policy_attachment.workers_additional_policies",
            "module.eks.aws_security_group.cluster",
            "module.eks.aws_security_group.workers",
            "module.eks.aws_security_group_rule.cluster_egress_internet",
            "module.eks.aws_security_group_rule.cluster_https_worker_ingress",
            "module.eks.aws_security_group_rule.cluster_primary_ingress_workers",
            "module.eks.aws_security_group_rule.workers_egress_internet",
            "module.eks.aws_security_group_rule.workers_ingress_cluster",
            "module.eks.aws_security_group_rule.workers_ingress_cluster_https",
            "module.eks.aws_security_group_rule.workers_ingress_cluster_kubelet",
            "module.eks.aws_security_group_rule.workers_ingress_cluster_primary",
            "module.eks.aws_security_group_rule.workers_ingress_self",
            "module.eks.data.aws_ami.eks_worker",
            "module.eks.data.aws_ami.eks_worker_windows",
            "module.eks.data.aws_iam_instance_profile.custom_worker_group_iam_instance_profile",
            "module.eks.data.aws_iam_policy_document.cluster_assume_role_policy",
            "module.eks.data.aws_iam_policy_document.workers_assume_role_policy",
            "module.eks.data.aws_iam_role.custom_cluster_iam_role",
            "module.eks.data.aws_partition.current",
            "module.vpc.aws_subnet.private",
            "module.vpc.aws_vpc.this",
            "module.vpc.aws_vpc_ipv4_cidr_block_association.this",
            "random_string.suffix"
          ],
          "create_before_destroy": true
        },
        {
          "index_key": 1,
          "schema_version": 0,
          "attributes": {
            "arn": "arn:aws:autoscaling:us-west-2:033379543890:launchConfiguration:c1fe317e-22c2-48b8-8cb0-fc06c653111a:launchConfigurationName/lseg-eks-T9gWKSdV-worker-group-220220104212423922200000014",
            "associate_public_ip_address": false,
            "ebs_block_device": [],
            "ebs_optimized": false,
            "enable_monitoring": true,
            "ephemeral_block_device": [],
            "iam_instance_profile": "lseg-eks-T9gWKSdV2022010421242147050000000f",
            "id": "lseg-eks-T9gWKSdV-worker-group-220220104212423922200000014",
            "image_id": "ami-0b214cc768d59fa03",
            "instance_type": "t2.medium",
            "key_name": "",
            "metadata_options": [
              {
                "http_endpoint": "enabled",
                "http_put_response_hop_limit": 1,
                "http_tokens": "optional"
              }
            ],
            "name": "lseg-eks-T9gWKSdV-worker-group-220220104212423922200000014",
            "name_prefix": "lseg-eks-T9gWKSdV-worker-group-2",
            "placement_tenancy": "",
            "root_block_device": [
              {
                "delete_on_termination": true,
                "encrypted": false,
                "iops": 0,
                "throughput": 0,
                "volume_size": 100,
                "volume_type": "gp2"
              }
            ],
            "security_groups": [
              "sg-0b46d532a1b83b0d3",
              "sg-0de9d15da74d45dc4"
            ],
            "spot_price": "",
            "user_data": null,
            "user_data_base64": "IyEvYmluL2Jhc2ggLWUKCiMgQWxsb3cgdXNlciBzdXBwbGllZCBwcmUgdXNlcmRhdGEgY29kZQoKCiMgQm9vdHN0cmFwIGFuZCBqb2luIHRoZSBjbHVzdGVyCi9ldGMvZWtzL2Jvb3RzdHJhcC5zaCAtLWI2NC1jbHVzdGVyLWNhICdMUzB0TFMxQ1JVZEpUaUJEUlZKVVNVWkpRMEZVUlMwdExTMHRDazFKU1VNMWVrTkRRV01yWjBGM1NVSkJaMGxDUVVSQlRrSm5hM0ZvYTJsSE9YY3dRa0ZSYzBaQlJFRldUVkpOZDBWUldVUldVVkZFUlhkd2NtUlhTbXdLWTIwMWJHUkhWbnBOUWpSWVJGUkplVTFFUlhkT1JFbDRUV3BCZDA1c2IxaEVWRTE1VFVSRmQwMXFTWGhOYWtGM1RteHZkMFpVUlZSTlFrVkhRVEZWUlFwQmVFMUxZVE5XYVZwWVNuVmFXRkpzWTNwRFEwRlRTWGRFVVZsS1MyOWFTV2gyWTA1QlVVVkNRbEZCUkdkblJWQkJSRU5EUVZGdlEyZG5SVUpCU3pOUENqQnBOamhsV0N0a05HdHhNbVpIUlhaSVZtRklTbkpETkhrd1VWRldaekJyU2sxUlYyOVNZMVJ3WjBOUU16aEtTV3hpYlRkUVoyd3hha1pUY0c1eVJEZ0tTVVpwT0d0a1ZGcEZhR3h2T0hodmVWTlhVM001VlUxNU16TjNaVzlpY2tzd1QxaERNUzlaT0VsaGJucGFaVVZzU1dsSFZIaHpjblJZYlZwTGVVZHlVZ3BSV1VGSFFXSlZkbkZRUmxVelNqQm1hVXAxVDFnMFFWSkZibWM1ZUZaUFNHMXlSMU56Vm5RMmJqQXdkRFp5VW05SU5tbHhVV0pIWTAxTWEybERLemx5Q2xSTk5HbFNhSHB0UTJOeGEzYzNSVXBLTmtoSlZXcE9UbTVuY3lzdlFYaEZWR2RuU21GUU5Fc3JZelUxVFdKbVJrRTFORWRHT0ZSVU5YVldSbXB6VEVjS2NIVkdabEZ2Um1aSk5GTkNTVWRJTWpSdFZXVlRRMGt6Y1ZaUllUVnliR2hrVm14SlRXVnVWRzF6WWpGUVZqZ3hhRVoxUWtsVFJsSmlaM1VyZUVFMldBcHRTVWxzU1hNelRsZFhVbVZSTVhadlowcHJRMEYzUlVGQllVNURUVVZCZDBSbldVUldVakJRUVZGSUwwSkJVVVJCWjB0clRVRTRSMEV4VldSRmQwVkNDaTkzVVVaTlFVMUNRV1k0ZDBoUldVUldVakJQUWtKWlJVWkJSSGRIVEZCQ2FWTTNWRFV2ZDI1MlQzQklTRkF2VWxacGEzQk5RVEJIUTFOeFIxTkpZak1LUkZGRlFrTjNWVUZCTkVsQ1FWRkNaVkJKVW0wME9WTkdTR2QwU25KbmJsVm1kM2d4UW14U2JIRnlkRkpuY0dWeFdtTjFhRXBRY0VFeE1XRkZSbXAyYWdwU05VOHhUVzB6VVhWUFdVcGFaVUl6TVhOWGVGSjNOMUp4ZHpGaGJ6SmlUREF6UjFaT1kyZHhPRzl3TTJWemJtMVJOMDVrWlhWWkwwc3hWMnBsWjFGV0NtcGxXWEJYUzFadFdrZFVZbkl6ZFVvNUszVjFibWcyTmpGYVNFWk9RbGgxZFRkR1RubzJVWEZrU2paeU1GcEVPQ3RJYW1KUVNFbzVlbEpsUzBKaE1YRUtVblo1ZFVwU09DOUlTMDQzZW1wU1NIWTNXRUY0TlU1elNuZDJaMDlKVTIxUE9GQklNV05zYVRkd2J5OU9XR3hzWTBGaWQwdDZWMVp0ZEhJNGRHZGxkUXBOVG5GdFowSlliMkZqYWxRemRHcEdkV3RvVWtoVFVEUnVkSE5NYkhKWU1UWXhVbEJvTkd0b05FWnNNbFpsVjFscmVHcEhTSE5QZEZGYVdsRnlia3RtQ25aMmJFeG9PSFpWUVUxNlZVbHZjM2N4ZUc5U1Mya3ZlbE5rVEdkT1NVOUxibk5CTlFvdExTMHRMVVZPUkNCRFJWSlVTVVpKUTBGVVJTMHRMUzB0Q2c9PScgLS1hcGlzZXJ2ZXItZW5kcG9pbnQgJ2h0dHBzOi8vMTc3QTY4MTk5QjJBOTJBQTFGMTYzQ0Y4RTMxMzA3OTEuZ3I3LnVzLXdlc3QtMi5la3MuYW1hem9uYXdzLmNvbScgIC0ta3ViZWxldC1leHRyYS1hcmdzICIiICdsc2VnLWVrcy1UOWdXS1NkVicKCiMgQWxsb3cgdXNlciBzdXBwbGllZCB1c2VyZGF0YSBjb2RlCmVjaG8gd29ya2VyLWdyb3VwLTIK",
            "vpc_classic_link_id": "",
            "vpc_classic_link_security_groups": null
          },
          "sensitive_attributes": [],
          "private": "bnVsbA==",
          "dependencies": [
            "aws_security_group.worker_group_mgmt_one",
            "aws_security_group.worker_group_mgmt_two",
            "data.aws_availability_zones.available",
            "module.eks.aws_cloudwatch_log_group.this",
            "module.eks.aws_eks_cluster.this",
            "module.eks.aws_iam_instance_profile.workers",
            "module.eks.aws_iam_role.cluster",
            "module.eks.aws_iam_role.workers",
            "module.eks.aws_iam_role_policy_attachment.cluster_AmazonEKSClusterPolicy",
            "module.eks.aws_iam_role_policy_attachment.cluster_AmazonEKSServicePolicy",
            "module.eks.aws_iam_role_policy_attachment.cluster_AmazonEKSVPCResourceControllerPolicy",
            "module.eks.aws_iam_role_policy_attachment.workers_AmazonEC2ContainerRegistryReadOnly",
            "module.eks.aws_iam_role_policy_attachment.workers_AmazonEKSWorkerNodePolicy",
            "module.eks.aws_iam_role_policy_attachment.workers_AmazonEKS_CNI_Policy",
            "module.eks.aws_iam_role_policy_attachment.workers_additional_policies",
            "module.eks.aws_security_group.cluster",
            "module.eks.aws_security_group.workers",
            "module.eks.aws_security_group_rule.cluster_egress_internet",
            "module.eks.aws_security_group_rule.cluster_https_worker_ingress",
            "module.eks.aws_security_group_rule.cluster_primary_ingress_workers",
            "module.eks.aws_security_group_rule.workers_egress_internet",
            "module.eks.aws_security_group_rule.workers_ingress_cluster",
            "module.eks.aws_security_group_rule.workers_ingress_cluster_https",
            "module.eks.aws_security_group_rule.workers_ingress_cluster_kubelet",
            "module.eks.aws_security_group_rule.workers_ingress_cluster_primary",
            "module.eks.aws_security_group_rule.workers_ingress_self",
            "module.eks.data.aws_ami.eks_worker",
            "module.eks.data.aws_ami.eks_worker_windows",
            "module.eks.data.aws_iam_instance_profile.custom_worker_group_iam_instance_profile",
            "module.eks.data.aws_iam_policy_document.cluster_assume_role_policy",
            "module.eks.data.aws_iam_policy_document.workers_assume_role_policy",
            "module.eks.data.aws_iam_role.custom_cluster_iam_role",
            "module.eks.data.aws_partition.current",
            "module.vpc.aws_subnet.private",
            "module.vpc.aws_vpc.this",
            "module.vpc.aws_vpc_ipv4_cidr_block_association.this",
            "random_string.suffix"
          ],
          "create_before_destroy": true
        }
      ]
    },
    {
      "module": "module.eks",
      "mode": "managed",
      "type": "aws_security_group",
      "name": "cluster",
      "provider": "provider[\"registry.terraform.io/hashicorp/aws\"]",
      "instances": [
        {
          "index_key": 0,
          "schema_version": 1,
          "attributes": {
            "arn": "arn:aws:ec2:us-west-2:033379543890:security-group/sg-0bdb98b8bc7081c63",
            "description": "EKS cluster security group.",
            "egress": [],
            "id": "sg-0bdb98b8bc7081c63",
            "ingress": [],
            "name": "lseg-eks-T9gWKSdV2022010421122995980000000a",
            "name_prefix": "lseg-eks-T9gWKSdV",
            "owner_id": "033379543890",
            "revoke_rules_on_delete": false,
            "tags": {
              "Environment": "training",
              "GithubOrg": "terraform-aws-modules",
              "GithubRepo": "terraform-aws-eks",
              "Name": "lseg-eks-T9gWKSdV-eks_cluster_sg"
            },
            "tags_all": {
              "Environment": "training",
              "GithubOrg": "terraform-aws-modules",
              "GithubRepo": "terraform-aws-eks",
              "Name": "lseg-eks-T9gWKSdV-eks_cluster_sg"
            },
            "timeouts": null,
            "vpc_id": "vpc-02af8e167cc8722d0"
          },
          "sensitive_attributes": [],
          "private": "eyJlMmJmYjczMC1lY2FhLTExZTYtOGY4OC0zNDM2M2JjN2M0YzAiOnsiY3JlYXRlIjo2MDAwMDAwMDAwMDAsImRlbGV0ZSI6OTAwMDAwMDAwMDAwfSwic2NoZW1hX3ZlcnNpb24iOiIxIn0=",
          "dependencies": [
            "module.vpc.aws_vpc.this",
            "random_string.suffix"
          ],
          "create_before_destroy": true
        }
      ]
    },
    {
      "module": "module.eks",
      "mode": "managed",
      "type": "aws_security_group",
      "name": "workers",
      "provider": "provider[\"registry.terraform.io/hashicorp/aws\"]",
      "instances": [
        {
          "index_key": 0,
          "schema_version": 1,
          "attributes": {
            "arn": "arn:aws:ec2:us-west-2:033379543890:security-group/sg-0b46d532a1b83b0d3",
            "description": "Security group for all nodes in the cluster.",
            "egress": [],
            "id": "sg-0b46d532a1b83b0d3",
            "ingress": [],
            "name": "lseg-eks-T9gWKSdV2022010421123340500000000d",
            "name_prefix": "lseg-eks-T9gWKSdV",
            "owner_id": "033379543890",
            "revoke_rules_on_delete": false,
            "tags": {
              "Environment": "training",
              "GithubOrg": "terraform-aws-modules",
              "GithubRepo": "terraform-aws-eks",
              "Name": "lseg-eks-T9gWKSdV-eks_worker_sg",
              "kubernetes.io/cluster/lseg-eks-T9gWKSdV": "owned"
            },
            "tags_all": {
              "Environment": "training",
              "GithubOrg": "terraform-aws-modules",
              "GithubRepo": "terraform-aws-eks",
              "Name": "lseg-eks-T9gWKSdV-eks_worker_sg",
              "kubernetes.io/cluster/lseg-eks-T9gWKSdV": "owned"
            },
            "timeouts": null,
            "vpc_id": "vpc-02af8e167cc8722d0"
          },
          "sensitive_attributes": [],
          "private": "eyJlMmJmYjczMC1lY2FhLTExZTYtOGY4OC0zNDM2M2JjN2M0YzAiOnsiY3JlYXRlIjo2MDAwMDAwMDAwMDAsImRlbGV0ZSI6OTAwMDAwMDAwMDAwfSwic2NoZW1hX3ZlcnNpb24iOiIxIn0=",
          "dependencies": [
            "module.vpc.aws_vpc.this",
            "random_string.suffix"
          ],
          "create_before_destroy": true
        }
      ]
    },
    {
      "module": "module.eks",
      "mode": "managed",
      "type": "aws_security_group_rule",
      "name": "cluster_egress_internet",
      "provider": "provider[\"registry.terraform.io/hashicorp/aws\"]",
      "instances": [
        {
          "index_key": 0,
          "schema_version": 2,
          "attributes": {
            "cidr_blocks": [
              "0.0.0.0/0"
            ],
            "description": "Allow cluster egress access to the Internet.",
            "from_port": 0,
            "id": "sgrule-1991047663",
            "ipv6_cidr_blocks": null,
            "prefix_list_ids": null,
            "protocol": "-1",
            "security_group_id": "sg-0bdb98b8bc7081c63",
            "self": false,
            "source_security_group_id": null,
            "to_port": 0,
            "type": "egress"
          },
          "sensitive_attributes": [],
          "private": "eyJzY2hlbWFfdmVyc2lvbiI6IjIifQ==",
          "dependencies": [
            "module.eks.aws_security_group.cluster",
            "module.vpc.aws_vpc.this",
            "random_string.suffix"
          ],
          "create_before_destroy": true
        }
      ]
    },
    {
      "module": "module.eks",
      "mode": "managed",
      "type": "aws_security_group_rule",
      "name": "cluster_https_worker_ingress",
      "provider": "provider[\"registry.terraform.io/hashicorp/aws\"]",
      "instances": [
        {
          "index_key": 0,
          "schema_version": 2,
          "attributes": {
            "cidr_blocks": null,
            "description": "Allow pods to communicate with the EKS cluster API.",
            "from_port": 443,
            "id": "sgrule-3742790477",
            "ipv6_cidr_blocks": null,
            "prefix_list_ids": null,
            "protocol": "tcp",
            "security_group_id": "sg-0bdb98b8bc7081c63",
            "self": false,
            "source_security_group_id": "sg-0b46d532a1b83b0d3",
            "to_port": 443,
            "type": "ingress"
          },
          "sensitive_attributes": [],
          "private": "eyJzY2hlbWFfdmVyc2lvbiI6IjIifQ==",
          "dependencies": [
            "module.eks.aws_security_group.cluster",
            "module.eks.aws_security_group.workers",
            "module.vpc.aws_vpc.this",
            "random_string.suffix"
          ],
          "create_before_destroy": true
        }
      ]
    },
    {
      "module": "module.eks",
      "mode": "managed",
      "type": "aws_security_group_rule",
      "name": "workers_egress_internet",
      "provider": "provider[\"registry.terraform.io/hashicorp/aws\"]",
      "instances": [
        {
          "index_key": 0,
          "schema_version": 2,
          "attributes": {
            "cidr_blocks": [
              "0.0.0.0/0"
            ],
            "description": "Allow nodes all egress to the Internet.",
            "from_port": 0,
            "id": "sgrule-1468410266",
            "ipv6_cidr_blocks": null,
            "prefix_list_ids": null,
            "protocol": "-1",
            "security_group_id": "sg-0b46d532a1b83b0d3",
            "self": false,
            "source_security_group_id": null,
            "to_port": 0,
            "type": "egress"
          },
          "sensitive_attributes": [],
          "private": "eyJzY2hlbWFfdmVyc2lvbiI6IjIifQ==",
          "dependencies": [
            "module.eks.aws_security_group.workers",
            "module.vpc.aws_vpc.this",
            "random_string.suffix"
          ],
          "create_before_destroy": true
        }
      ]
    },
    {
      "module": "module.eks",
      "mode": "managed",
      "type": "aws_security_group_rule",
      "name": "workers_ingress_cluster",
      "provider": "provider[\"registry.terraform.io/hashicorp/aws\"]",
      "instances": [
        {
          "index_key": 0,
          "schema_version": 2,
          "attributes": {
            "cidr_blocks": null,
            "description": "Allow workers pods to receive communication from the cluster control plane.",
            "from_port": 1025,
            "id": "sgrule-659965127",
            "ipv6_cidr_blocks": null,
            "prefix_list_ids": null,
            "protocol": "tcp",
            "security_group_id": "sg-0b46d532a1b83b0d3",
            "self": false,
            "source_security_group_id": "sg-0bdb98b8bc7081c63",
            "to_port": 65535,
            "type": "ingress"
          },
          "sensitive_attributes": [],
          "private": "eyJzY2hlbWFfdmVyc2lvbiI6IjIifQ==",
          "dependencies": [
            "module.eks.aws_security_group.cluster",
            "module.eks.aws_security_group.workers",
            "module.vpc.aws_vpc.this",
            "random_string.suffix"
          ],
          "create_before_destroy": true
        }
      ]
    },
    {
      "module": "module.eks",
      "mode": "managed",
      "type": "aws_security_group_rule",
      "name": "workers_ingress_cluster_https",
      "provider": "provider[\"registry.terraform.io/hashicorp/aws\"]",
      "instances": [
        {
          "index_key": 0,
          "schema_version": 2,
          "attributes": {
            "cidr_blocks": null,
            "description": "Allow pods running extension API servers on port 443 to receive communication from cluster control plane.",
            "from_port": 443,
            "id": "sgrule-3123728636",
            "ipv6_cidr_blocks": null,
            "prefix_list_ids": null,
            "protocol": "tcp",
            "security_group_id": "sg-0b46d532a1b83b0d3",
            "self": false,
            "source_security_group_id": "sg-0bdb98b8bc7081c63",
            "to_port": 443,
            "type": "ingress"
          },
          "sensitive_attributes": [],
          "private": "eyJzY2hlbWFfdmVyc2lvbiI6IjIifQ==",
          "dependencies": [
            "module.eks.aws_security_group.cluster",
            "module.eks.aws_security_group.workers",
            "module.vpc.aws_vpc.this",
            "random_string.suffix"
          ],
          "create_before_destroy": true
        }
      ]
    },
    {
      "module": "module.eks",
      "mode": "managed",
      "type": "aws_security_group_rule",
      "name": "workers_ingress_self",
      "provider": "provider[\"registry.terraform.io/hashicorp/aws\"]",
      "instances": [
        {
          "index_key": 0,
          "schema_version": 2,
          "attributes": {
            "cidr_blocks": null,
            "description": "Allow node to communicate with each other.",
            "from_port": 0,
            "id": "sgrule-1836324340",
            "ipv6_cidr_blocks": null,
            "prefix_list_ids": null,
            "protocol": "-1",
            "security_group_id": "sg-0b46d532a1b83b0d3",
            "self": false,
            "source_security_group_id": "sg-0b46d532a1b83b0d3",
            "to_port": 65535,
            "type": "ingress"
          },
          "sensitive_attributes": [],
          "private": "eyJzY2hlbWFfdmVyc2lvbiI6IjIifQ==",
          "dependencies": [
            "module.eks.aws_security_group.workers",
            "module.vpc.aws_vpc.this",
            "random_string.suffix"
          ],
          "create_before_destroy": true
        }
      ]
    },
    {
      "module": "module.eks",
      "mode": "managed",
      "type": "kubernetes_config_map",
      "name": "aws_auth",
      "provider": "provider[\"registry.terraform.io/hashicorp/kubernetes\"]",
      "instances": [
        {
          "index_key": 0,
          "schema_version": 0,
          "attributes": {
            "binary_data": null,
            "data": {
              "mapAccounts": "[]\n",
              "mapRoles": "- \"groups\":\n  - \"system:bootstrappers\"\n  - \"system:nodes\"\n  \"rolearn\": \"arn:aws:iam::033379543890:role/lseg-eks-T9gWKSdV2022010421241845150000000e\"\n  \"username\": \"system:node:{{EC2PrivateDNSName}}\"\n",
              "mapUsers": "[]\n"
            },
            "id": "kube-system/aws-auth",
            "metadata": [
              {
                "annotations": null,
                "generate_name": "",
                "generation": 0,
                "labels": {
                  "app.kubernetes.io/managed-by": "Terraform",
                  "terraform.io/module": "terraform-aws-modules.eks.aws"
                },
                "name": "aws-auth",
                "namespace": "kube-system",
                "resource_version": "656",
                "uid": "fd9ebab8-7e49-43dd-ba7e-8175c3c091d4"
              }
            ]
          },
          "sensitive_attributes": [],
          "private": "bnVsbA==",
          "dependencies": [
            "aws_security_group.worker_group_mgmt_one",
            "aws_security_group.worker_group_mgmt_two",
            "data.aws_availability_zones.available",
            "data.aws_eks_cluster.cluster",
            "data.aws_eks_cluster_auth.cluster",
            "module.eks.aws_cloudwatch_log_group.this",
            "module.eks.aws_eks_cluster.this",
            "module.eks.aws_iam_instance_profile.workers",
            "module.eks.aws_iam_instance_profile.workers_launch_template",
            "module.eks.aws_iam_role.cluster",
            "module.eks.aws_iam_role.workers",
            "module.eks.aws_iam_role_policy_attachment.cluster_AmazonEKSClusterPolicy",
            "module.eks.aws_iam_role_policy_attachment.cluster_AmazonEKSServicePolicy",
            "module.eks.aws_iam_role_policy_attachment.cluster_AmazonEKSVPCResourceControllerPolicy",
            "module.eks.aws_iam_role_policy_attachment.workers_AmazonEC2ContainerRegistryReadOnly",
            "module.eks.aws_iam_role_policy_attachment.workers_AmazonEKSWorkerNodePolicy",
            "module.eks.aws_iam_role_policy_attachment.workers_AmazonEKS_CNI_Policy",
            "module.eks.aws_security_group.cluster",
            "module.eks.aws_security_group.workers",
            "module.eks.aws_security_group_rule.cluster_egress_internet",
            "module.eks.aws_security_group_rule.cluster_https_worker_ingress",
            "module.eks.aws_security_group_rule.cluster_private_access_cidrs_source",
            "module.eks.aws_security_group_rule.cluster_private_access_sg_source",
            "module.eks.data.aws_ami.eks_worker",
            "module.eks.data.aws_ami.eks_worker_windows",
            "module.eks.data.aws_caller_identity.current",
            "module.eks.data.aws_iam_instance_profile.custom_worker_group_iam_instance_profile",
            "module.eks.data.aws_iam_instance_profile.custom_worker_group_launch_template_iam_instance_profile",
            "module.eks.data.aws_iam_policy_document.cluster_assume_role_policy",
            "module.eks.data.aws_iam_policy_document.workers_assume_role_policy",
            "module.eks.data.aws_iam_role.custom_cluster_iam_role",
            "module.eks.data.aws_partition.current",
            "module.eks.data.http.wait_for_cluster",
            "module.eks.module.fargate.aws_iam_role.eks_fargate_pod",
            "module.eks.module.fargate.data.aws_iam_role.custom_fargate_iam_role",
            "module.vpc.aws_subnet.private",
            "module.vpc.aws_vpc.this",
            "module.vpc.aws_vpc_ipv4_cidr_block_association.this",
            "random_string.suffix"
          ]
        }
      ]
    },
    {
      "module": "module.eks",
      "mode": "managed",
      "type": "local_file",
      "name": "kubeconfig",
      "provider": "provider[\"registry.terraform.io/hashicorp/local\"]",
      "instances": [
        {
          "index_key": 0,
          "schema_version": 0,
          "attributes": {
            "content": "apiVersion: v1\npreferences: {}\nkind: Config\n\nclusters:\n- cluster:\n    server: https://177A68199B2A92AA1F163CF8E3130791.gr7.us-west-2.eks.amazonaws.com\n    certificate-authority-data: LS0tLS1CRUdJTiBDRVJUSUZJQ0FURS0tLS0tCk1JSUM1ekNDQWMrZ0F3SUJBZ0lCQURBTkJna3Foa2lHOXcwQkFRc0ZBREFWTVJNd0VRWURWUVFERXdwcmRXSmwKY201bGRHVnpNQjRYRFRJeU1ERXdOREl4TWpBd05sb1hEVE15TURFd01qSXhNakF3Tmxvd0ZURVRNQkVHQTFVRQpBeE1LYTNWaVpYSnVaWFJsY3pDQ0FTSXdEUVlKS29aSWh2Y05BUUVCQlFBRGdnRVBBRENDQVFvQ2dnRUJBSzNPCjBpNjhlWCtkNGtxMmZHRXZIVmFISnJDNHkwUVFWZzBrSk1RV29SY1RwZ0NQMzhKSWxibTdQZ2wxakZTcG5yRDgKSUZpOGtkVFpFaGxvOHhveVNXU3M5VU15MzN3ZW9ickswT1hDMS9ZOElhbnpaZUVsSWlHVHhzcnRYbVpLeUdyUgpRWUFHQWJVdnFQRlUzSjBmaUp1T1g0QVJFbmc5eFZPSG1yR1NzVnQ2bjAwdDZyUm9INmlxUWJHY01Ma2lDKzlyClRNNGlSaHptQ2Nxa3c3RUpKNkhJVWpOTm5ncysvQXhFVGdnSmFQNEsrYzU1TWJmRkE1NEdGOFRUNXVWRmpzTEcKcHVGZlFvRmZJNFNCSUdIMjRtVWVTQ0kzcVZRYTVybGhkVmxJTWVuVG1zYjFQVjgxaEZ1QklTRlJiZ3UreEE2WAptSUlsSXMzTldXUmVRMXZvZ0prQ0F3RUFBYU5DTUVBd0RnWURWUjBQQVFIL0JBUURBZ0trTUE4R0ExVWRFd0VCCi93UUZNQU1CQWY4d0hRWURWUjBPQkJZRUZBRHdHTFBCaVM3VDUvd252T3BISFAvUlZpa3BNQTBHQ1NxR1NJYjMKRFFFQkN3VUFBNElCQVFCZVBJUm00OVNGSGd0SnJnblVmd3gxQmxSbHFydFJncGVxWmN1aEpQcEExMWFFRmp2agpSNU8xTW0zUXVPWUpaZUIzMXNXeFJ3N1JxdzFhbzJiTDAzR1ZOY2dxOG9wM2Vzbm1RN05kZXVZL0sxV2plZ1FWCmplWXBXS1ZtWkdUYnIzdUo5K3V1bmg2NjFaSEZOQlh1dTdGTno2UXFkSjZyMFpEOCtIamJQSEo5elJlS0JhMXEKUnZ5dUpSOC9IS043empSSHY3WEF4NU5zSnd2Z09JU21POFBIMWNsaTdwby9OWGxsY0Fid0t6V1ZtdHI4dGdldQpNTnFtZ0JYb2FjalQzdGpGdWtoUkhTUDRudHNMbHJYMTYxUlBoNGtoNEZsMlZlV1lreGpHSHNPdFFaWlFybktmCnZ2bExoOHZVQU16VUlvc3cxeG9SS2kvelNkTGdOSU9LbnNBNQotLS0tLUVORCBDRVJUSUZJQ0FURS0tLS0tCg==\n  name: eks_lseg-eks-T9gWKSdV\n\ncontexts:\n- context:\n    cluster: eks_lseg-eks-T9gWKSdV\n    user: eks_lseg-eks-T9gWKSdV\n  name: eks_lseg-eks-T9gWKSdV\n\ncurrent-context: eks_lseg-eks-T9gWKSdV\n\nusers:\n- name: eks_lseg-eks-T9gWKSdV\n  user:\n    exec:\n      apiVersion: client.authentication.k8s.io/v1alpha1\n      command: aws-iam-authenticator\n      args:\n        - \"token\"\n        - \"-i\"\n        - \"lseg-eks-T9gWKSdV\"\n",
            "content_base64": null,
            "directory_permission": "0755",
            "file_permission": "0600",
            "filename": "./kubeconfig_lseg-eks-T9gWKSdV",
            "id": "2f765d4d9e76c52be8938d73a3f536adfbe904c3",
            "sensitive_content": null,
            "source": null
          },
          "sensitive_attributes": [],
          "private": "bnVsbA==",
          "dependencies": [
            "data.aws_availability_zones.available",
            "module.eks.aws_cloudwatch_log_group.this",
            "module.eks.aws_eks_cluster.this",
            "module.eks.aws_iam_role.cluster",
            "module.eks.aws_iam_role_policy_attachment.cluster_AmazonEKSClusterPolicy",
            "module.eks.aws_iam_role_policy_attachment.cluster_AmazonEKSServicePolicy",
            "module.eks.aws_iam_role_policy_attachment.cluster_AmazonEKSVPCResourceControllerPolicy",
            "module.eks.aws_security_group.cluster",
            "module.eks.aws_security_group.workers",
            "module.eks.aws_security_group_rule.cluster_egress_internet",
            "module.eks.aws_security_group_rule.cluster_https_worker_ingress",
            "module.eks.data.aws_iam_policy_document.cluster_assume_role_policy",
            "module.eks.data.aws_iam_role.custom_cluster_iam_role",
            "module.eks.data.aws_partition.current",
            "module.vpc.aws_subnet.private",
            "module.vpc.aws_vpc.this",
            "module.vpc.aws_vpc_ipv4_cidr_block_association.this",
            "random_string.suffix"
          ]
        }
      ]
    },
    {
      "module": "module.eks.module.fargate",
      "mode": "data",
      "type": "aws_partition",
      "name": "current",
      "provider": "provider[\"registry.terraform.io/hashicorp/aws\"]",
      "instances": [
        {
          "schema_version": 0,
          "attributes": {
            "dns_suffix": "amazonaws.com",
            "id": "aws",
            "partition": "aws",
            "reverse_dns_prefix": "com.amazonaws"
          },
          "sensitive_attributes": []
        }
      ]
    },
    {
      "module": "module.vpc",
      "mode": "managed",
      "type": "aws_eip",
      "name": "nat",
      "provider": "provider[\"registry.terraform.io/hashicorp/aws\"]",
      "instances": [
        {
          "index_key": 0,
          "schema_version": 0,
          "attributes": {
            "address": null,
            "allocation_id": "eipalloc-07f9c1846f3583853",
            "associate_with_private_ip": null,
            "association_id": "",
            "carrier_ip": "",
            "customer_owned_ip": "",
            "customer_owned_ipv4_pool": "",
            "domain": "vpc",
            "id": "eipalloc-07f9c1846f3583853",
            "instance": "",
            "network_border_group": "us-west-2",
            "network_interface": "",
            "private_dns": null,
            "private_ip": "",
            "public_dns": "ec2-44-230-189-206.us-west-2.compute.amazonaws.com",
            "public_ip": "44.230.189.206",
            "public_ipv4_pool": "amazon",
            "tags": {
              "Name": "lseg-vpc-us-west-2a",
              "kubernetes.io/cluster/lseg-eks-T9gWKSdV": "shared"
            },
            "tags_all": {
              "Name": "lseg-vpc-us-west-2a",
              "kubernetes.io/cluster/lseg-eks-T9gWKSdV": "shared"
            },
            "timeouts": null,
            "vpc": true
          },
          "sensitive_attributes": [],
          "private": "eyJlMmJmYjczMC1lY2FhLTExZTYtOGY4OC0zNDM2M2JjN2M0YzAiOnsiZGVsZXRlIjoxODAwMDAwMDAwMDAsInJlYWQiOjkwMDAwMDAwMDAwMCwidXBkYXRlIjozMDAwMDAwMDAwMDB9fQ==",
          "dependencies": [
            "data.aws_availability_zones.available",
            "random_string.suffix"
          ]
        }
      ]
    },
    {
      "module": "module.vpc",
      "mode": "managed",
      "type": "aws_internet_gateway",
      "name": "this",
      "provider": "provider[\"registry.terraform.io/hashicorp/aws\"]",
      "instances": [
        {
          "index_key": 0,
          "schema_version": 0,
          "attributes": {
            "arn": "arn:aws:ec2:us-west-2:033379543890:internet-gateway/igw-09aef0ad299bde717",
            "id": "igw-09aef0ad299bde717",
            "owner_id": "033379543890",
            "tags": {
              "Name": "lseg-vpc",
              "kubernetes.io/cluster/lseg-eks-T9gWKSdV": "shared"
            },
            "tags_all": {
              "Name": "lseg-vpc",
              "kubernetes.io/cluster/lseg-eks-T9gWKSdV": "shared"
            },
            "vpc_id": "vpc-02af8e167cc8722d0"
          },
          "sensitive_attributes": [],
          "private": "bnVsbA==",
          "dependencies": [
            "module.vpc.aws_vpc.this",
            "module.vpc.aws_vpc_ipv4_cidr_block_association.this",
            "random_string.suffix"
          ]
        }
      ]
    },
    {
      "module": "module.vpc",
      "mode": "managed",
      "type": "aws_nat_gateway",
      "name": "this",
      "provider": "provider[\"registry.terraform.io/hashicorp/aws\"]",
      "instances": [
        {
          "index_key": 0,
          "schema_version": 0,
          "attributes": {
            "allocation_id": "eipalloc-07f9c1846f3583853",
            "connectivity_type": "public",
            "id": "nat-0c2317b811d843bf0",
            "network_interface_id": "eni-0167378609a4c3dc9",
            "private_ip": "10.0.4.9",
            "public_ip": "44.230.189.206",
            "subnet_id": "subnet-0df5ed7039a1979ad",
            "tags": {
              "Name": "lseg-vpc-us-west-2a",
              "kubernetes.io/cluster/lseg-eks-T9gWKSdV": "shared"
            },
            "tags_all": {
              "Name": "lseg-vpc-us-west-2a",
              "kubernetes.io/cluster/lseg-eks-T9gWKSdV": "shared"
            }
          },
          "sensitive_attributes": [],
          "private": "bnVsbA==",
          "dependencies": [
            "data.aws_availability_zones.available",
            "module.vpc.aws_eip.nat",
            "module.vpc.aws_internet_gateway.this",
            "module.vpc.aws_subnet.public",
            "module.vpc.aws_vpc.this",
            "module.vpc.aws_vpc_ipv4_cidr_block_association.this",
            "random_string.suffix"
          ]
        }
      ]
    },
    {
      "module": "module.vpc",
      "mode": "managed",
      "type": "aws_route",
      "name": "private_nat_gateway",
      "provider": "provider[\"registry.terraform.io/hashicorp/aws\"]",
      "instances": [
        {
          "index_key": 0,
          "schema_version": 0,
          "attributes": {
            "carrier_gateway_id": "",
            "destination_cidr_block": "0.0.0.0/0",
            "destination_ipv6_cidr_block": "",
            "destination_prefix_list_id": "",
            "egress_only_gateway_id": "",
            "gateway_id": "",
            "id": "r-rtb-05657a4b43853baea1080289494",
            "instance_id": "",
            "instance_owner_id": "",
            "local_gateway_id": "",
            "nat_gateway_id": "nat-0c2317b811d843bf0",
            "network_interface_id": "",
            "origin": "CreateRoute",
            "route_table_id": "rtb-05657a4b43853baea",
            "state": "active",
            "timeouts": {
              "create": "5m",
              "delete": null,
              "update": null
            },
            "transit_gateway_id": "",
            "vpc_endpoint_id": "",
            "vpc_peering_connection_id": ""
          },
          "sensitive_attributes": [],
          "private": "eyJlMmJmYjczMC1lY2FhLTExZTYtOGY4OC0zNDM2M2JjN2M0YzAiOnsiY3JlYXRlIjozMDAwMDAwMDAwMDAsImRlbGV0ZSI6MzAwMDAwMDAwMDAwLCJ1cGRhdGUiOjEyMDAwMDAwMDAwMH19",
          "dependencies": [
            "data.aws_availability_zones.available",
            "module.vpc.aws_eip.nat",
            "module.vpc.aws_internet_gateway.this",
            "module.vpc.aws_nat_gateway.this",
            "module.vpc.aws_route_table.private",
            "module.vpc.aws_subnet.public",
            "module.vpc.aws_vpc.this",
            "module.vpc.aws_vpc_ipv4_cidr_block_association.this",
            "random_string.suffix"
          ]
        }
      ]
    },
    {
      "module": "module.vpc",
      "mode": "managed",
      "type": "aws_route",
      "name": "public_internet_gateway",
      "provider": "provider[\"registry.terraform.io/hashicorp/aws\"]",
      "instances": [
        {
          "index_key": 0,
          "schema_version": 0,
          "attributes": {
            "carrier_gateway_id": "",
            "destination_cidr_block": "0.0.0.0/0",
            "destination_ipv6_cidr_block": "",
            "destination_prefix_list_id": "",
            "egress_only_gateway_id": "",
            "gateway_id": "igw-09aef0ad299bde717",
            "id": "r-rtb-0f4ec01ce3bb3bec01080289494",
            "instance_id": "",
            "instance_owner_id": "",
            "local_gateway_id": "",
            "nat_gateway_id": "",
            "network_interface_id": "",
            "origin": "CreateRoute",
            "route_table_id": "rtb-0f4ec01ce3bb3bec0",
            "state": "active",
            "timeouts": {
              "create": "5m",
              "delete": null,
              "update": null
            },
            "transit_gateway_id": "",
            "vpc_endpoint_id": "",
            "vpc_peering_connection_id": ""
          },
          "sensitive_attributes": [],
          "private": "eyJlMmJmYjczMC1lY2FhLTExZTYtOGY4OC0zNDM2M2JjN2M0YzAiOnsiY3JlYXRlIjozMDAwMDAwMDAwMDAsImRlbGV0ZSI6MzAwMDAwMDAwMDAwLCJ1cGRhdGUiOjEyMDAwMDAwMDAwMH19",
          "dependencies": [
            "module.vpc.aws_internet_gateway.this",
            "module.vpc.aws_route_table.public",
            "module.vpc.aws_vpc.this",
            "module.vpc.aws_vpc_ipv4_cidr_block_association.this",
            "random_string.suffix"
          ]
        }
      ]
    },
    {
      "module": "module.vpc",
      "mode": "managed",
      "type": "aws_route_table",
      "name": "private",
      "provider": "provider[\"registry.terraform.io/hashicorp/aws\"]",
      "instances": [
        {
          "index_key": 0,
          "schema_version": 0,
          "attributes": {
            "arn": "arn:aws:ec2:us-west-2:033379543890:route-table/rtb-05657a4b43853baea",
            "id": "rtb-05657a4b43853baea",
            "owner_id": "033379543890",
            "propagating_vgws": [],
            "route": [],
            "tags": {
              "Name": "lseg-vpc-private",
              "kubernetes.io/cluster/lseg-eks-T9gWKSdV": "shared"
            },
            "tags_all": {
              "Name": "lseg-vpc-private",
              "kubernetes.io/cluster/lseg-eks-T9gWKSdV": "shared"
            },
            "timeouts": null,
            "vpc_id": "vpc-02af8e167cc8722d0"
          },
          "sensitive_attributes": [],
          "private": "eyJlMmJmYjczMC1lY2FhLTExZTYtOGY4OC0zNDM2M2JjN2M0YzAiOnsiY3JlYXRlIjozMDAwMDAwMDAwMDAsImRlbGV0ZSI6MzAwMDAwMDAwMDAwLCJ1cGRhdGUiOjEyMDAwMDAwMDAwMH19",
          "dependencies": [
            "data.aws_availability_zones.available",
            "module.vpc.aws_vpc.this",
            "module.vpc.aws_vpc_ipv4_cidr_block_association.this",
            "random_string.suffix"
          ]
        }
      ]
    },
    {
      "module": "module.vpc",
      "mode": "managed",
      "type": "aws_route_table",
      "name": "public",
      "provider": "provider[\"registry.terraform.io/hashicorp/aws\"]",
      "instances": [
        {
          "index_key": 0,
          "schema_version": 0,
          "attributes": {
            "arn": "arn:aws:ec2:us-west-2:033379543890:route-table/rtb-0f4ec01ce3bb3bec0",
            "id": "rtb-0f4ec01ce3bb3bec0",
            "owner_id": "033379543890",
            "propagating_vgws": [],
            "route": [],
            "tags": {
              "Name": "lseg-vpc-public",
              "kubernetes.io/cluster/lseg-eks-T9gWKSdV": "shared"
            },
            "tags_all": {
              "Name": "lseg-vpc-public",
              "kubernetes.io/cluster/lseg-eks-T9gWKSdV": "shared"
            },
            "timeouts": null,
            "vpc_id": "vpc-02af8e167cc8722d0"
          },
          "sensitive_attributes": [],
          "private": "eyJlMmJmYjczMC1lY2FhLTExZTYtOGY4OC0zNDM2M2JjN2M0YzAiOnsiY3JlYXRlIjozMDAwMDAwMDAwMDAsImRlbGV0ZSI6MzAwMDAwMDAwMDAwLCJ1cGRhdGUiOjEyMDAwMDAwMDAwMH19",
          "dependencies": [
            "module.vpc.aws_vpc.this",
            "module.vpc.aws_vpc_ipv4_cidr_block_association.this",
            "random_string.suffix"
          ]
        }
      ]
    },
    {
      "module": "module.vpc",
      "mode": "managed",
      "type": "aws_route_table_association",
      "name": "private",
      "provider": "provider[\"registry.terraform.io/hashicorp/aws\"]",
      "instances": [
        {
          "index_key": 0,
          "schema_version": 0,
          "attributes": {
            "gateway_id": "",
            "id": "rtbassoc-03823eb1a37a3b838",
            "route_table_id": "rtb-05657a4b43853baea",
            "subnet_id": "subnet-0442a49803c45350e"
          },
          "sensitive_attributes": [],
          "private": "bnVsbA==",
          "dependencies": [
            "data.aws_availability_zones.available",
            "module.vpc.aws_route_table.private",
            "module.vpc.aws_subnet.private",
            "module.vpc.aws_vpc.this",
            "module.vpc.aws_vpc_ipv4_cidr_block_association.this",
            "random_string.suffix"
          ]
        },
        {
          "index_key": 1,
          "schema_version": 0,
          "attributes": {
            "gateway_id": "",
            "id": "rtbassoc-03a75d7ca001a4875",
            "route_table_id": "rtb-05657a4b43853baea",
            "subnet_id": "subnet-059d10c77a1c9efba"
          },
          "sensitive_attributes": [],
          "private": "bnVsbA==",
          "dependencies": [
            "data.aws_availability_zones.available",
            "module.vpc.aws_route_table.private",
            "module.vpc.aws_subnet.private",
            "module.vpc.aws_vpc.this",
            "module.vpc.aws_vpc_ipv4_cidr_block_association.this",
            "random_string.suffix"
          ]
        },
        {
          "index_key": 2,
          "schema_version": 0,
          "attributes": {
            "gateway_id": "",
            "id": "rtbassoc-035ba34eca0ea0423",
            "route_table_id": "rtb-05657a4b43853baea",
            "subnet_id": "subnet-0f0c12944600e8579"
          },
          "sensitive_attributes": [],
          "private": "bnVsbA==",
          "dependencies": [
            "data.aws_availability_zones.available",
            "module.vpc.aws_route_table.private",
            "module.vpc.aws_subnet.private",
            "module.vpc.aws_vpc.this",
            "module.vpc.aws_vpc_ipv4_cidr_block_association.this",
            "random_string.suffix"
          ]
        }
      ]
    },
    {
      "module": "module.vpc",
      "mode": "managed",
      "type": "aws_route_table_association",
      "name": "public",
      "provider": "provider[\"registry.terraform.io/hashicorp/aws\"]",
      "instances": [
        {
          "index_key": 0,
          "schema_version": 0,
          "attributes": {
            "gateway_id": "",
            "id": "rtbassoc-0836f8dd072d5d63e",
            "route_table_id": "rtb-0f4ec01ce3bb3bec0",
            "subnet_id": "subnet-0df5ed7039a1979ad"
          },
          "sensitive_attributes": [],
          "private": "bnVsbA==",
          "dependencies": [
            "data.aws_availability_zones.available",
            "module.vpc.aws_route_table.public",
            "module.vpc.aws_subnet.public",
            "module.vpc.aws_vpc.this",
            "module.vpc.aws_vpc_ipv4_cidr_block_association.this",
            "random_string.suffix"
          ]
        },
        {
          "index_key": 1,
          "schema_version": 0,
          "attributes": {
            "gateway_id": "",
            "id": "rtbassoc-08c99b9a713b096fc",
            "route_table_id": "rtb-0f4ec01ce3bb3bec0",
            "subnet_id": "subnet-0737f9f1926c79302"
          },
          "sensitive_attributes": [],
          "private": "bnVsbA==",
          "dependencies": [
            "data.aws_availability_zones.available",
            "module.vpc.aws_route_table.public",
            "module.vpc.aws_subnet.public",
            "module.vpc.aws_vpc.this",
            "module.vpc.aws_vpc_ipv4_cidr_block_association.this",
            "random_string.suffix"
          ]
        },
        {
          "index_key": 2,
          "schema_version": 0,
          "attributes": {
            "gateway_id": "",
            "id": "rtbassoc-04a834572ea1d077c",
            "route_table_id": "rtb-0f4ec01ce3bb3bec0",
            "subnet_id": "subnet-02c85a0504ecf2143"
          },
          "sensitive_attributes": [],
          "private": "bnVsbA==",
          "dependencies": [
            "data.aws_availability_zones.available",
            "module.vpc.aws_route_table.public",
            "module.vpc.aws_subnet.public",
            "module.vpc.aws_vpc.this",
            "module.vpc.aws_vpc_ipv4_cidr_block_association.this",
            "random_string.suffix"
          ]
        }
      ]
    },
    {
      "module": "module.vpc",
      "mode": "managed",
      "type": "aws_subnet",
      "name": "private",
      "provider": "provider[\"registry.terraform.io/hashicorp/aws\"]",
      "instances": [
        {
          "index_key": 0,
          "schema_version": 1,
          "attributes": {
            "arn": "arn:aws:ec2:us-west-2:033379543890:subnet/subnet-0442a49803c45350e",
            "assign_ipv6_address_on_creation": false,
            "availability_zone": "us-west-2a",
            "availability_zone_id": "usw2-az2",
            "cidr_block": "10.0.1.0/24",
            "customer_owned_ipv4_pool": "",
            "id": "subnet-0442a49803c45350e",
            "ipv6_cidr_block": "",
            "ipv6_cidr_block_association_id": "",
            "map_customer_owned_ip_on_launch": false,
            "map_public_ip_on_launch": false,
            "outpost_arn": "",
            "owner_id": "033379543890",
            "tags": {
              "Name": "lseg-vpc-private-us-west-2a",
              "kubernetes.io/cluster/lseg-eks-T9gWKSdV": "shared",
              "kubernetes.io/role/internal-elb": "1"
            },
            "tags_all": {
              "Name": "lseg-vpc-private-us-west-2a",
              "kubernetes.io/cluster/lseg-eks-T9gWKSdV": "shared",
              "kubernetes.io/role/internal-elb": "1"
            },
            "timeouts": null,
            "vpc_id": "vpc-02af8e167cc8722d0"
          },
          "sensitive_attributes": [],
          "private": "eyJlMmJmYjczMC1lY2FhLTExZTYtOGY4OC0zNDM2M2JjN2M0YzAiOnsiY3JlYXRlIjo2MDAwMDAwMDAwMDAsImRlbGV0ZSI6MTIwMDAwMDAwMDAwMH0sInNjaGVtYV92ZXJzaW9uIjoiMSJ9",
          "dependencies": [
            "data.aws_availability_zones.available",
            "module.vpc.aws_vpc.this",
            "module.vpc.aws_vpc_ipv4_cidr_block_association.this",
            "random_string.suffix"
          ],
          "create_before_destroy": true
        },
        {
          "index_key": 1,
          "schema_version": 1,
          "attributes": {
            "arn": "arn:aws:ec2:us-west-2:033379543890:subnet/subnet-059d10c77a1c9efba",
            "assign_ipv6_address_on_creation": false,
            "availability_zone": "us-west-2b",
            "availability_zone_id": "usw2-az1",
            "cidr_block": "10.0.2.0/24",
            "customer_owned_ipv4_pool": "",
            "id": "subnet-059d10c77a1c9efba",
            "ipv6_cidr_block": "",
            "ipv6_cidr_block_association_id": "",
            "map_customer_owned_ip_on_launch": false,
            "map_public_ip_on_launch": false,
            "outpost_arn": "",
            "owner_id": "033379543890",
            "tags": {
              "Name": "lseg-vpc-private-us-west-2b",
              "kubernetes.io/cluster/lseg-eks-T9gWKSdV": "shared",
              "kubernetes.io/role/internal-elb": "1"
            },
            "tags_all": {
              "Name": "lseg-vpc-private-us-west-2b",
              "kubernetes.io/cluster/lseg-eks-T9gWKSdV": "shared",
              "kubernetes.io/role/internal-elb": "1"
            },
            "timeouts": null,
            "vpc_id": "vpc-02af8e167cc8722d0"
          },
          "sensitive_attributes": [],
          "private": "eyJlMmJmYjczMC1lY2FhLTExZTYtOGY4OC0zNDM2M2JjN2M0YzAiOnsiY3JlYXRlIjo2MDAwMDAwMDAwMDAsImRlbGV0ZSI6MTIwMDAwMDAwMDAwMH0sInNjaGVtYV92ZXJzaW9uIjoiMSJ9",
          "dependencies": [
            "data.aws_availability_zones.available",
            "module.vpc.aws_vpc.this",
            "module.vpc.aws_vpc_ipv4_cidr_block_association.this",
            "random_string.suffix"
          ],
          "create_before_destroy": true
        },
        {
          "index_key": 2,
          "schema_version": 1,
          "attributes": {
            "arn": "arn:aws:ec2:us-west-2:033379543890:subnet/subnet-0f0c12944600e8579",
            "assign_ipv6_address_on_creation": false,
            "availability_zone": "us-west-2c",
            "availability_zone_id": "usw2-az3",
            "cidr_block": "10.0.3.0/24",
            "customer_owned_ipv4_pool": "",
            "id": "subnet-0f0c12944600e8579",
            "ipv6_cidr_block": "",
            "ipv6_cidr_block_association_id": "",
            "map_customer_owned_ip_on_launch": false,
            "map_public_ip_on_launch": false,
            "outpost_arn": "",
            "owner_id": "033379543890",
            "tags": {
              "Name": "lseg-vpc-private-us-west-2c",
              "kubernetes.io/cluster/lseg-eks-T9gWKSdV": "shared",
              "kubernetes.io/role/internal-elb": "1"
            },
            "tags_all": {
              "Name": "lseg-vpc-private-us-west-2c",
              "kubernetes.io/cluster/lseg-eks-T9gWKSdV": "shared",
              "kubernetes.io/role/internal-elb": "1"
            },
            "timeouts": null,
            "vpc_id": "vpc-02af8e167cc8722d0"
          },
          "sensitive_attributes": [],
          "private": "eyJlMmJmYjczMC1lY2FhLTExZTYtOGY4OC0zNDM2M2JjN2M0YzAiOnsiY3JlYXRlIjo2MDAwMDAwMDAwMDAsImRlbGV0ZSI6MTIwMDAwMDAwMDAwMH0sInNjaGVtYV92ZXJzaW9uIjoiMSJ9",
          "dependencies": [
            "data.aws_availability_zones.available",
            "module.vpc.aws_vpc.this",
            "module.vpc.aws_vpc_ipv4_cidr_block_association.this",
            "random_string.suffix"
          ],
          "create_before_destroy": true
        }
      ]
    },
    {
      "module": "module.vpc",
      "mode": "managed",
      "type": "aws_subnet",
      "name": "public",
      "provider": "provider[\"registry.terraform.io/hashicorp/aws\"]",
      "instances": [
        {
          "index_key": 0,
          "schema_version": 1,
          "attributes": {
            "arn": "arn:aws:ec2:us-west-2:033379543890:subnet/subnet-0df5ed7039a1979ad",
            "assign_ipv6_address_on_creation": false,
            "availability_zone": "us-west-2a",
            "availability_zone_id": "usw2-az2",
            "cidr_block": "10.0.4.0/24",
            "customer_owned_ipv4_pool": "",
            "id": "subnet-0df5ed7039a1979ad",
            "ipv6_cidr_block": "",
            "ipv6_cidr_block_association_id": "",
            "map_customer_owned_ip_on_launch": false,
            "map_public_ip_on_launch": true,
            "outpost_arn": "",
            "owner_id": "033379543890",
            "tags": {
              "Name": "lseg-vpc-public-us-west-2a",
              "kubernetes.io/cluster/lseg-eks-T9gWKSdV": "shared",
              "kubernetes.io/role/elb": "1"
            },
            "tags_all": {
              "Name": "lseg-vpc-public-us-west-2a",
              "kubernetes.io/cluster/lseg-eks-T9gWKSdV": "shared",
              "kubernetes.io/role/elb": "1"
            },
            "timeouts": null,
            "vpc_id": "vpc-02af8e167cc8722d0"
          },
          "sensitive_attributes": [],
          "private": "eyJlMmJmYjczMC1lY2FhLTExZTYtOGY4OC0zNDM2M2JjN2M0YzAiOnsiY3JlYXRlIjo2MDAwMDAwMDAwMDAsImRlbGV0ZSI6MTIwMDAwMDAwMDAwMH0sInNjaGVtYV92ZXJzaW9uIjoiMSJ9",
          "dependencies": [
            "data.aws_availability_zones.available",
            "module.vpc.aws_vpc.this",
            "module.vpc.aws_vpc_ipv4_cidr_block_association.this",
            "random_string.suffix"
          ]
        },
        {
          "index_key": 1,
          "schema_version": 1,
          "attributes": {
            "arn": "arn:aws:ec2:us-west-2:033379543890:subnet/subnet-0737f9f1926c79302",
            "assign_ipv6_address_on_creation": false,
            "availability_zone": "us-west-2b",
            "availability_zone_id": "usw2-az1",
            "cidr_block": "10.0.5.0/24",
            "customer_owned_ipv4_pool": "",
            "id": "subnet-0737f9f1926c79302",
            "ipv6_cidr_block": "",
            "ipv6_cidr_block_association_id": "",
            "map_customer_owned_ip_on_launch": false,
            "map_public_ip_on_launch": true,
            "outpost_arn": "",
            "owner_id": "033379543890",
            "tags": {
              "Name": "lseg-vpc-public-us-west-2b",
              "kubernetes.io/cluster/lseg-eks-T9gWKSdV": "shared",
              "kubernetes.io/role/elb": "1"
            },
            "tags_all": {
              "Name": "lseg-vpc-public-us-west-2b",
              "kubernetes.io/cluster/lseg-eks-T9gWKSdV": "shared",
              "kubernetes.io/role/elb": "1"
            },
            "timeouts": null,
            "vpc_id": "vpc-02af8e167cc8722d0"
          },
          "sensitive_attributes": [],
          "private": "eyJlMmJmYjczMC1lY2FhLTExZTYtOGY4OC0zNDM2M2JjN2M0YzAiOnsiY3JlYXRlIjo2MDAwMDAwMDAwMDAsImRlbGV0ZSI6MTIwMDAwMDAwMDAwMH0sInNjaGVtYV92ZXJzaW9uIjoiMSJ9",
          "dependencies": [
            "data.aws_availability_zones.available",
            "module.vpc.aws_vpc.this",
            "module.vpc.aws_vpc_ipv4_cidr_block_association.this",
            "random_string.suffix"
          ]
        },
        {
          "index_key": 2,
          "schema_version": 1,
          "attributes": {
            "arn": "arn:aws:ec2:us-west-2:033379543890:subnet/subnet-02c85a0504ecf2143",
            "assign_ipv6_address_on_creation": false,
            "availability_zone": "us-west-2c",
            "availability_zone_id": "usw2-az3",
            "cidr_block": "10.0.6.0/24",
            "customer_owned_ipv4_pool": "",
            "id": "subnet-02c85a0504ecf2143",
            "ipv6_cidr_block": "",
            "ipv6_cidr_block_association_id": "",
            "map_customer_owned_ip_on_launch": false,
            "map_public_ip_on_launch": true,
            "outpost_arn": "",
            "owner_id": "033379543890",
            "tags": {
              "Name": "lseg-vpc-public-us-west-2c",
              "kubernetes.io/cluster/lseg-eks-T9gWKSdV": "shared",
              "kubernetes.io/role/elb": "1"
            },
            "tags_all": {
              "Name": "lseg-vpc-public-us-west-2c",
              "kubernetes.io/cluster/lseg-eks-T9gWKSdV": "shared",
              "kubernetes.io/role/elb": "1"
            },
            "timeouts": null,
            "vpc_id": "vpc-02af8e167cc8722d0"
          },
          "sensitive_attributes": [],
          "private": "eyJlMmJmYjczMC1lY2FhLTExZTYtOGY4OC0zNDM2M2JjN2M0YzAiOnsiY3JlYXRlIjo2MDAwMDAwMDAwMDAsImRlbGV0ZSI6MTIwMDAwMDAwMDAwMH0sInNjaGVtYV92ZXJzaW9uIjoiMSJ9",
          "dependencies": [
            "data.aws_availability_zones.available",
            "module.vpc.aws_vpc.this",
            "module.vpc.aws_vpc_ipv4_cidr_block_association.this",
            "random_string.suffix"
          ]
        }
      ]
    },
    {
      "module": "module.vpc",
      "mode": "managed",
      "type": "aws_vpc",
      "name": "this",
      "provider": "provider[\"registry.terraform.io/hashicorp/aws\"]",
      "instances": [
        {
          "index_key": 0,
          "schema_version": 1,
          "attributes": {
            "arn": "arn:aws:ec2:us-west-2:033379543890:vpc/vpc-02af8e167cc8722d0",
            "assign_generated_ipv6_cidr_block": false,
            "cidr_block": "10.0.0.0/16",
            "default_network_acl_id": "acl-0a786692b7e74d113",
            "default_route_table_id": "rtb-07a81b97c2e0a0b0f",
            "default_security_group_id": "sg-06c64c198bfb67efe",
            "dhcp_options_id": "dopt-0951129d89bcbcd2c",
            "enable_classiclink": false,
            "enable_classiclink_dns_support": false,
            "enable_dns_hostnames": true,
            "enable_dns_support": true,
            "id": "vpc-02af8e167cc8722d0",
            "instance_tenancy": "default",
            "ipv4_ipam_pool_id": null,
            "ipv4_netmask_length": null,
            "ipv6_association_id": "",
            "ipv6_cidr_block": "",
            "ipv6_ipam_pool_id": null,
            "ipv6_netmask_length": null,
            "main_route_table_id": "rtb-07a81b97c2e0a0b0f",
            "owner_id": "033379543890",
            "tags": {
              "Name": "lseg-vpc",
              "kubernetes.io/cluster/lseg-eks-T9gWKSdV": "shared"
            },
            "tags_all": {
              "Name": "lseg-vpc",
              "kubernetes.io/cluster/lseg-eks-T9gWKSdV": "shared"
            }
          },
          "sensitive_attributes": [],
          "private": "eyJzY2hlbWFfdmVyc2lvbiI6IjEifQ==",
          "dependencies": [
            "random_string.suffix"
          ],
          "create_before_destroy": true
        }
      ]
    }
  ]
}
